// !$*UTF8*$!
{
	archiveVersion = 1;
	classes = {
	};
	objectVersion = 50;
	objects = {

/* Begin PBXBuildFile section */
		A50DDD5428A2467900E05DA8 /* ValidateFeedCacheUseCaseTests.swift in Sources */ = {isa = PBXBuildFile; fileRef = A50DDD5328A2467900E05DA8 /* ValidateFeedCacheUseCaseTests.swift */; };
		A50DDD5628A24A3100E05DA8 /* FeedCacheTestHelpers.swift in Sources */ = {isa = PBXBuildFile; fileRef = A50DDD5528A24A3100E05DA8 /* FeedCacheTestHelpers.swift */; };
		A50DDD5828A24ACF00E05DA8 /* SharedTestHelpers.swift in Sources */ = {isa = PBXBuildFile; fileRef = A50DDD5728A24ACF00E05DA8 /* SharedTestHelpers.swift */; };
		A538ED5F2779ABD40060B9BE /* HTTPClient.swift in Sources */ = {isa = PBXBuildFile; fileRef = A538ED5E2779ABD40060B9BE /* HTTPClient.swift */; };
		A538ED632779AC3B0060B9BE /* FeedItemsMapper.swift in Sources */ = {isa = PBXBuildFile; fileRef = A538ED622779AC3B0060B9BE /* FeedItemsMapper.swift */; };
		A54B461A28AB85B5002F2EB7 /* CoreDataFeedStoreTests.swift in Sources */ = {isa = PBXBuildFile; fileRef = A54B461928AB85B5002F2EB7 /* CoreDataFeedStoreTests.swift */; };
		A54B461F28AB88D0002F2EB7 /* CoreDataHelpers.swift in Sources */ = {isa = PBXBuildFile; fileRef = A54B461E28AB88D0002F2EB7 /* CoreDataHelpers.swift */; };
		A54B462128AB8921002F2EB7 /* ManagedCache.swift in Sources */ = {isa = PBXBuildFile; fileRef = A54B462028AB8921002F2EB7 /* ManagedCache.swift */; };
		A54B462328AB8941002F2EB7 /* ManagedFeedImage.swift in Sources */ = {isa = PBXBuildFile; fileRef = A54B462228AB8941002F2EB7 /* ManagedFeedImage.swift */; };
		A54B462B28ACD0E5002F2EB7 /* EssentialFeedCacheIntegrationTests.swift in Sources */ = {isa = PBXBuildFile; fileRef = A54B462A28ACD0E5002F2EB7 /* EssentialFeedCacheIntegrationTests.swift */; };
		A54B462C28ACD0E5002F2EB7 /* EssentialFeed.framework in Frameworks */ = {isa = PBXBuildFile; fileRef = A5584D4027703AD3009C5890 /* EssentialFeed.framework */; };
		A54B463228ACD33F002F2EB7 /* XCTestCase+MemoryLeakTracking.swift in Sources */ = {isa = PBXBuildFile; fileRef = A5AB1D10288A9150001EECA8 /* XCTestCase+MemoryLeakTracking.swift */; };
		A54B463328ACD4D7002F2EB7 /* FeedCacheTestHelpers.swift in Sources */ = {isa = PBXBuildFile; fileRef = A50DDD5528A24A3100E05DA8 /* FeedCacheTestHelpers.swift */; };
		A54B463428ACD520002F2EB7 /* SharedTestHelpers.swift in Sources */ = {isa = PBXBuildFile; fileRef = A50DDD5728A24ACF00E05DA8 /* SharedTestHelpers.swift */; };
		A54B466428AF6D92002F2EB7 /* EssentialFeediOS.docc in Sources */ = {isa = PBXBuildFile; fileRef = A54B466328AF6D92002F2EB7 /* EssentialFeediOS.docc */; };
		A54B466A28AF6D93002F2EB7 /* EssentialFeediOS.framework in Frameworks */ = {isa = PBXBuildFile; fileRef = A54B466028AF6D92002F2EB7 /* EssentialFeediOS.framework */; };
		A54B467828AF7768002F2EB7 /* FeedUIIntegrationTests.swift in Sources */ = {isa = PBXBuildFile; fileRef = A54B467728AF7768002F2EB7 /* FeedUIIntegrationTests.swift */; };
		A54B467A28AF7967002F2EB7 /* EssentialFeed.framework in Frameworks */ = {isa = PBXBuildFile; fileRef = A5584D4027703AD3009C5890 /* EssentialFeed.framework */; };
		A54B467B28AF7967002F2EB7 /* EssentialFeed.framework in Embed Frameworks */ = {isa = PBXBuildFile; fileRef = A5584D4027703AD3009C5890 /* EssentialFeed.framework */; settings = {ATTRIBUTES = (CodeSignOnCopy, RemoveHeadersOnCopy, ); }; };
		A54B467F28AF7A84002F2EB7 /* XCTestCase+MemoryLeakTracking.swift in Sources */ = {isa = PBXBuildFile; fileRef = A5AB1D10288A9150001EECA8 /* XCTestCase+MemoryLeakTracking.swift */; };
		A54B468128AF846D002F2EB7 /* FeedViewController.swift in Sources */ = {isa = PBXBuildFile; fileRef = A54B468028AF846D002F2EB7 /* FeedViewController.swift */; };
		A54B468328B377C6002F2EB7 /* FeedImageCell.swift in Sources */ = {isa = PBXBuildFile; fileRef = A54B468228B377C6002F2EB7 /* FeedImageCell.swift */; };
		A54B468528B387B7002F2EB7 /* UIView+Shimmering.swift in Sources */ = {isa = PBXBuildFile; fileRef = A54B468428B387B7002F2EB7 /* UIView+Shimmering.swift */; };
		A54B468828B4CBA4002F2EB7 /* UIImage+TestHelpers.swift in Sources */ = {isa = PBXBuildFile; fileRef = A54B468728B4CBA4002F2EB7 /* UIImage+TestHelpers.swift */; };
		A54B468A28B4CC00002F2EB7 /* UIRefreshControl+TestHelpers.swift in Sources */ = {isa = PBXBuildFile; fileRef = A54B468928B4CC00002F2EB7 /* UIRefreshControl+TestHelpers.swift */; };
		A54B468C28B4CC34002F2EB7 /* UIButton+TestHelpers.swift in Sources */ = {isa = PBXBuildFile; fileRef = A54B468B28B4CC34002F2EB7 /* UIButton+TestHelpers.swift */; };
		A54B468E28B4CC73002F2EB7 /* UIControl+TestHelpers.swift in Sources */ = {isa = PBXBuildFile; fileRef = A54B468D28B4CC73002F2EB7 /* UIControl+TestHelpers.swift */; };
		A54B469328B4CDB6002F2EB7 /* FeedViewController+TestHelpers.swift in Sources */ = {isa = PBXBuildFile; fileRef = A54B469228B4CDB6002F2EB7 /* FeedViewController+TestHelpers.swift */; };
		A54B469528B4CE1A002F2EB7 /* FeedImageCell+TestHelpers.swift in Sources */ = {isa = PBXBuildFile; fileRef = A54B469428B4CE1A002F2EB7 /* FeedImageCell+TestHelpers.swift */; };
		A54B469728B4CE6A002F2EB7 /* FeedViewControllerTests+LoaderSpy.swift in Sources */ = {isa = PBXBuildFile; fileRef = A54B469628B4CE6A002F2EB7 /* FeedViewControllerTests+LoaderSpy.swift */; };
		A54B469928B4CF11002F2EB7 /* FeedViewControllerTests+Assertions.swift in Sources */ = {isa = PBXBuildFile; fileRef = A54B469828B4CF11002F2EB7 /* FeedViewControllerTests+Assertions.swift */; };
		A54B46A628B4D9A0002F2EB7 /* FeedImageCellController.swift in Sources */ = {isa = PBXBuildFile; fileRef = A54B46A528B4D9A0002F2EB7 /* FeedImageCellController.swift */; };
		A54B46A928B4DCC0002F2EB7 /* FeedUIComposer.swift in Sources */ = {isa = PBXBuildFile; fileRef = A54B46A828B4DCC0002F2EB7 /* FeedUIComposer.swift */; };
		A54B46B828B76EEA002F2EB7 /* Feed.storyboard in Resources */ = {isa = PBXBuildFile; fileRef = A54B46B728B76EE9002F2EB7 /* Feed.storyboard */; };
		A54B46BA28B76F94002F2EB7 /* Feed.xcassets in Resources */ = {isa = PBXBuildFile; fileRef = A54B46B928B76F94002F2EB7 /* Feed.xcassets */; };
		A54B46BC28B77BAD002F2EB7 /* UITableView+Dequeueing.swift in Sources */ = {isa = PBXBuildFile; fileRef = A54B46BB28B77BAD002F2EB7 /* UITableView+Dequeueing.swift */; };
		A54B46BE28B77D12002F2EB7 /* UIImageView+Animations.swift in Sources */ = {isa = PBXBuildFile; fileRef = A54B46BD28B77D12002F2EB7 /* UIImageView+Animations.swift */; };
		A54B46E228B8B314002F2EB7 /* FeedViewControllerTests+Localization.swift in Sources */ = {isa = PBXBuildFile; fileRef = A54B46E128B8B314002F2EB7 /* FeedViewControllerTests+Localization.swift */; };
		A54B46EF28B8CC09002F2EB7 /* MainQueueDispatchDecorator.swift in Sources */ = {isa = PBXBuildFile; fileRef = A54B46EE28B8CC09002F2EB7 /* MainQueueDispatchDecorator.swift */; };
		A54B46F128B8CC4A002F2EB7 /* WeakRefVirtualProxy.swift in Sources */ = {isa = PBXBuildFile; fileRef = A54B46F028B8CC4A002F2EB7 /* WeakRefVirtualProxy.swift */; };
		A54B46F328B8CC9F002F2EB7 /* FeedImageDataLoaderPresentationAdapter.swift in Sources */ = {isa = PBXBuildFile; fileRef = A54B46F228B8CC9F002F2EB7 /* FeedImageDataLoaderPresentationAdapter.swift */; };
		A54B46F528B8CCD4002F2EB7 /* FeedLoaderPresentationAdapter.swift in Sources */ = {isa = PBXBuildFile; fileRef = A54B46F428B8CCD4002F2EB7 /* FeedLoaderPresentationAdapter.swift */; };
		A54B46F728B8CD05002F2EB7 /* FeedViewAdapter.swift in Sources */ = {isa = PBXBuildFile; fileRef = A54B46F628B8CD05002F2EB7 /* FeedViewAdapter.swift */; };
		A5515BC628BDB3F900F96CA3 /* ErrorView.swift in Sources */ = {isa = PBXBuildFile; fileRef = A5515BC528BDB3F900F96CA3 /* ErrorView.swift */; };
		A5515BCB28BDB93F00F96CA3 /* UIRefreshControl+Helpers.swift in Sources */ = {isa = PBXBuildFile; fileRef = A5515BCA28BDB93F00F96CA3 /* UIRefreshControl+Helpers.swift */; };
		A5515BCF28BDBE1800F96CA3 /* FeedPresenterTests.swift in Sources */ = {isa = PBXBuildFile; fileRef = A5515BCE28BDBE1800F96CA3 /* FeedPresenterTests.swift */; };
		A5515BD928BDEF2F00F96CA3 /* FeedPresenter.swift in Sources */ = {isa = PBXBuildFile; fileRef = A5515BD828BDEF2F00F96CA3 /* FeedPresenter.swift */; };
		A5515BDA28BDEFBB00F96CA3 /* Feed.strings in Resources */ = {isa = PBXBuildFile; fileRef = A5515BD428BDED4E00F96CA3 /* Feed.strings */; };
		A5515BDC28BDF01F00F96CA3 /* FeedViewModel.swift in Sources */ = {isa = PBXBuildFile; fileRef = A5515BDB28BDF01F00F96CA3 /* FeedViewModel.swift */; };
		A5515BDE28BDF06F00F96CA3 /* FeedLoadingViewModel.swift in Sources */ = {isa = PBXBuildFile; fileRef = A5515BDD28BDF06F00F96CA3 /* FeedLoadingViewModel.swift */; };
		A5515BE028BDF09900F96CA3 /* FeedErrorViewModel.swift in Sources */ = {isa = PBXBuildFile; fileRef = A5515BDF28BDF09900F96CA3 /* FeedErrorViewModel.swift */; };
		A5515BE128BDF20D00F96CA3 /* FeedLocalizationTests.swift in Sources */ = {isa = PBXBuildFile; fileRef = A54B46EA28B8B5C9002F2EB7 /* FeedLocalizationTests.swift */; };
		A5515BE328BDF2D200F96CA3 /* FeedImagePresenterTests.swift in Sources */ = {isa = PBXBuildFile; fileRef = A5515BE228BDF2D200F96CA3 /* FeedImagePresenterTests.swift */; };
		A5515BE528BDF7D900F96CA3 /* FeedImagePresenter.swift in Sources */ = {isa = PBXBuildFile; fileRef = A5515BE428BDF7D900F96CA3 /* FeedImagePresenter.swift */; };
		A5515BE728BDF84900F96CA3 /* FeedImageViewModel.swift in Sources */ = {isa = PBXBuildFile; fileRef = A5515BE628BDF84900F96CA3 /* FeedImageViewModel.swift */; };
		A5515C2C28BF4A1900F96CA3 /* FeedImageDataLoader.swift in Sources */ = {isa = PBXBuildFile; fileRef = A54B469D28B4D01E002F2EB7 /* FeedImageDataLoader.swift */; };
		A5515C2E28BF4AA900F96CA3 /* LoadFeedImageDataFromRemoteUseCaseTests.swift in Sources */ = {isa = PBXBuildFile; fileRef = A5515C2D28BF4AA900F96CA3 /* LoadFeedImageDataFromRemoteUseCaseTests.swift */; };
		A5515C3128BF615600F96CA3 /* HTTPClientSpy.swift in Sources */ = {isa = PBXBuildFile; fileRef = A5515C3028BF615600F96CA3 /* HTTPClientSpy.swift */; };
		A5515C3328BF61B000F96CA3 /* RemoteFeedImageDataLoader.swift in Sources */ = {isa = PBXBuildFile; fileRef = A5515C3228BF61B000F96CA3 /* RemoteFeedImageDataLoader.swift */; };
		A5515C3628BF653200F96CA3 /* HTTPURLResponse+StatusCode.swift in Sources */ = {isa = PBXBuildFile; fileRef = A5515C3528BF653200F96CA3 /* HTTPURLResponse+StatusCode.swift */; };
		A5515C3828BF65D200F96CA3 /* URLProtocolStub.swift in Sources */ = {isa = PBXBuildFile; fileRef = A5515C3728BF65D200F96CA3 /* URLProtocolStub.swift */; };
		A5515C3A28C0554F00F96CA3 /* LoadFeedImageDataFromCacheUseCaseTests.swift in Sources */ = {isa = PBXBuildFile; fileRef = A5515C3928C0554F00F96CA3 /* LoadFeedImageDataFromCacheUseCaseTests.swift */; };
		A5515C3C28C05A9D00F96CA3 /* FeedImageDataStore.swift in Sources */ = {isa = PBXBuildFile; fileRef = A5515C3B28C05A9D00F96CA3 /* FeedImageDataStore.swift */; };
		A5515C3E28C05ABA00F96CA3 /* LocalFeedImageDataLoader.swift in Sources */ = {isa = PBXBuildFile; fileRef = A5515C3D28C05ABA00F96CA3 /* LocalFeedImageDataLoader.swift */; };
		A5515C4028C05EF200F96CA3 /* FeedImageDataStoreSpy.swift in Sources */ = {isa = PBXBuildFile; fileRef = A5515C3F28C05EF200F96CA3 /* FeedImageDataStoreSpy.swift */; };
		A5515C4228C05F7000F96CA3 /* CacheFeedImageDataUseCaseTests.swift in Sources */ = {isa = PBXBuildFile; fileRef = A5515C4128C05F7000F96CA3 /* CacheFeedImageDataUseCaseTests.swift */; };
		A5515C4428C061E200F96CA3 /* CoreDataFeedImageDataStoreTests.swift in Sources */ = {isa = PBXBuildFile; fileRef = A5515C4328C061E200F96CA3 /* CoreDataFeedImageDataStoreTests.swift */; };
		A5515C4728C065F300F96CA3 /* CoreDataFeedStore+FeedImageDataLoader.swift in Sources */ = {isa = PBXBuildFile; fileRef = A5515C4628C065F300F96CA3 /* CoreDataFeedStore+FeedImageDataLoader.swift */; };
		A5515C4928C0691F00F96CA3 /* CoreDataFeedStore+FeedStore.swift in Sources */ = {isa = PBXBuildFile; fileRef = A5515C4828C0691F00F96CA3 /* CoreDataFeedStore+FeedStore.swift */; };
		A5515CA228C206CF00F96CA3 /* FeedCache.swift in Sources */ = {isa = PBXBuildFile; fileRef = A5515CA128C206CF00F96CA3 /* FeedCache.swift */; };
		A5584D4A27703AD3009C5890 /* EssentialFeed.framework in Frameworks */ = {isa = PBXBuildFile; fileRef = A5584D4027703AD3009C5890 /* EssentialFeed.framework */; };
		A5584D5127703AD3009C5890 /* EssentialFeed.h in Headers */ = {isa = PBXBuildFile; fileRef = A5584D4327703AD3009C5890 /* EssentialFeed.h */; settings = {ATTRIBUTES = (Public, ); }; };
		A5584D5D27703AFA009C5890 /* FeedItem.swift in Sources */ = {isa = PBXBuildFile; fileRef = A5584D5C27703AFA009C5890 /* FeedItem.swift */; };
		A5584D6127703C60009C5890 /* FeedLoader.swift in Sources */ = {isa = PBXBuildFile; fileRef = A5584D6027703C60009C5890 /* FeedLoader.swift */; };
		A564CC752770594B00AB0FD1 /* LoadFeedFromRemoteUseCaseTests.swift in Sources */ = {isa = PBXBuildFile; fileRef = A5584D6F27705584009C5890 /* LoadFeedFromRemoteUseCaseTests.swift */; };
		A564CC98277078A100AB0FD1 /* RemoteFeedLoader.swift in Sources */ = {isa = PBXBuildFile; fileRef = A564CC97277078A100AB0FD1 /* RemoteFeedLoader.swift */; };
		A56EE59128A3A96500C8103D /* FeedCachePolicy.swift in Sources */ = {isa = PBXBuildFile; fileRef = A56EE59028A3A96500C8103D /* FeedCachePolicy.swift */; };
		A57474782886A5A300CEE656 /* URLSessionHTTPClientTests.swift in Sources */ = {isa = PBXBuildFile; fileRef = A57474772886A5A300CEE656 /* URLSessionHTTPClientTests.swift */; };
		A59668CE28AA44A000877410 /* FeedStoreSpecs.swift in Sources */ = {isa = PBXBuildFile; fileRef = A59668CD28AA44A000877410 /* FeedStoreSpecs.swift */; };
		A59668D028AA451800877410 /* XCTestCase+FeedStoreSpecs.swift in Sources */ = {isa = PBXBuildFile; fileRef = A59668CF28AA451800877410 /* XCTestCase+FeedStoreSpecs.swift */; };
		A59668D228AA49CA00877410 /* XCTestCase+FailableRetrieveFeedStoreSpecs.swift in Sources */ = {isa = PBXBuildFile; fileRef = A59668D128AA49CA00877410 /* XCTestCase+FailableRetrieveFeedStoreSpecs.swift */; };
		A59668D428AA4A3F00877410 /* XCTestCase+FailableInsertFeedStoreSpecs.swift in Sources */ = {isa = PBXBuildFile; fileRef = A59668D328AA4A3F00877410 /* XCTestCase+FailableInsertFeedStoreSpecs.swift */; };
		A59668D628AA4A9500877410 /* XCTestCase+FailableDeleteFeedStoreSpecs.swift in Sources */ = {isa = PBXBuildFile; fileRef = A59668D528AA4A9500877410 /* XCTestCase+FailableDeleteFeedStoreSpecs.swift */; };
		A59668DB28AB4D1300877410 /* CoreDataFeedStore.swift in Sources */ = {isa = PBXBuildFile; fileRef = A59668DA28AB4D1300877410 /* CoreDataFeedStore.swift */; };
		A59668DE28AB4E5500877410 /* FeedStore.xcdatamodeld in Sources */ = {isa = PBXBuildFile; fileRef = A59668DC28AB4E5500877410 /* FeedStore.xcdatamodeld */; };
		A5AB1D11288A9150001EECA8 /* XCTestCase+MemoryLeakTracking.swift in Sources */ = {isa = PBXBuildFile; fileRef = A5AB1D10288A9150001EECA8 /* XCTestCase+MemoryLeakTracking.swift */; };
		A5AB1D13288AA2D7001EECA8 /* URLSessionHTTPClient.swift in Sources */ = {isa = PBXBuildFile; fileRef = A5AB1D12288AA2D7001EECA8 /* URLSessionHTTPClient.swift */; };
		A5AB1D1B288E9073001EECA8 /* EssentialFeedAPIEndToEndTests.swift in Sources */ = {isa = PBXBuildFile; fileRef = A5AB1D1A288E9073001EECA8 /* EssentialFeedAPIEndToEndTests.swift */; };
		A5AB1D1C288E9073001EECA8 /* EssentialFeed.framework in Frameworks */ = {isa = PBXBuildFile; fileRef = A5584D4027703AD3009C5890 /* EssentialFeed.framework */; };
		A5AB1D22288E96BD001EECA8 /* XCTestCase+MemoryLeakTracking.swift in Sources */ = {isa = PBXBuildFile; fileRef = A5AB1D10288A9150001EECA8 /* XCTestCase+MemoryLeakTracking.swift */; };
		A5FE0FAA289A696A00C91E74 /* CacheFeedUseCaseTests.swift in Sources */ = {isa = PBXBuildFile; fileRef = A5FE0FA9289A696A00C91E74 /* CacheFeedUseCaseTests.swift */; };
		A5FE0FAD289B72E300C91E74 /* LocalFeedLoader.swift in Sources */ = {isa = PBXBuildFile; fileRef = A5FE0FAC289B72E300C91E74 /* LocalFeedLoader.swift */; };
		A5FE0FAF289B740B00C91E74 /* FeedStore.swift in Sources */ = {isa = PBXBuildFile; fileRef = A5FE0FAE289B740B00C91E74 /* FeedStore.swift */; };
		A5FE0FB1289BAF6100C91E74 /* RemoteFeedItem.swift in Sources */ = {isa = PBXBuildFile; fileRef = A5FE0FB0289BAF6100C91E74 /* RemoteFeedItem.swift */; };
		A5FE0FB3289BAFAB00C91E74 /* LocalFeedImage.swift in Sources */ = {isa = PBXBuildFile; fileRef = A5FE0FB2289BAFAB00C91E74 /* LocalFeedImage.swift */; };
		A5FE0FB5289CEE9E00C91E74 /* LoadFeedFromCacheUseCaseTests.swift in Sources */ = {isa = PBXBuildFile; fileRef = A5FE0FB4289CEE9E00C91E74 /* LoadFeedFromCacheUseCaseTests.swift */; };
		A5FE0FB8289CEFC400C91E74 /* FeedStoreSpy.swift in Sources */ = {isa = PBXBuildFile; fileRef = A5FE0FB7289CEFC400C91E74 /* FeedStoreSpy.swift */; };
/* End PBXBuildFile section */

/* Begin PBXContainerItemProxy section */
		A54B462D28ACD0E5002F2EB7 /* PBXContainerItemProxy */ = {
			isa = PBXContainerItemProxy;
			containerPortal = A5584D3727703AD3009C5890 /* Project object */;
			proxyType = 1;
			remoteGlobalIDString = A5584D3F27703AD3009C5890;
			remoteInfo = EssentialFeed;
		};
		A54B466B28AF6D93002F2EB7 /* PBXContainerItemProxy */ = {
			isa = PBXContainerItemProxy;
			containerPortal = A5584D3727703AD3009C5890 /* Project object */;
			proxyType = 1;
			remoteGlobalIDString = A54B465F28AF6D92002F2EB7;
			remoteInfo = EssentialFeediOS;
		};
		A54B467C28AF7967002F2EB7 /* PBXContainerItemProxy */ = {
			isa = PBXContainerItemProxy;
			containerPortal = A5584D3727703AD3009C5890 /* Project object */;
			proxyType = 1;
			remoteGlobalIDString = A5584D3F27703AD3009C5890;
			remoteInfo = EssentialFeed;
		};
		A5584D4B27703AD3009C5890 /* PBXContainerItemProxy */ = {
			isa = PBXContainerItemProxy;
			containerPortal = A5584D3727703AD3009C5890 /* Project object */;
			proxyType = 1;
			remoteGlobalIDString = A5584D3F27703AD3009C5890;
			remoteInfo = EssentialFeed;
		};
		A5AB1D1D288E9073001EECA8 /* PBXContainerItemProxy */ = {
			isa = PBXContainerItemProxy;
			containerPortal = A5584D3727703AD3009C5890 /* Project object */;
			proxyType = 1;
			remoteGlobalIDString = A5584D3F27703AD3009C5890;
			remoteInfo = EssentialFeed;
		};
/* End PBXContainerItemProxy section */

/* Begin PBXCopyFilesBuildPhase section */
		A54B467E28AF7968002F2EB7 /* Embed Frameworks */ = {
			isa = PBXCopyFilesBuildPhase;
			buildActionMask = 2147483647;
			dstPath = "";
			dstSubfolderSpec = 10;
			files = (
				A54B467B28AF7967002F2EB7 /* EssentialFeed.framework in Embed Frameworks */,
			);
			name = "Embed Frameworks";
			runOnlyForDeploymentPostprocessing = 0;
		};
/* End PBXCopyFilesBuildPhase section */

/* Begin PBXFileReference section */
		A50DDD5328A2467900E05DA8 /* ValidateFeedCacheUseCaseTests.swift */ = {isa = PBXFileReference; lastKnownFileType = sourcecode.swift; path = ValidateFeedCacheUseCaseTests.swift; sourceTree = "<group>"; };
		A50DDD5528A24A3100E05DA8 /* FeedCacheTestHelpers.swift */ = {isa = PBXFileReference; lastKnownFileType = sourcecode.swift; path = FeedCacheTestHelpers.swift; sourceTree = "<group>"; };
		A50DDD5728A24ACF00E05DA8 /* SharedTestHelpers.swift */ = {isa = PBXFileReference; lastKnownFileType = sourcecode.swift; path = SharedTestHelpers.swift; sourceTree = "<group>"; };
		A538ED5E2779ABD40060B9BE /* HTTPClient.swift */ = {isa = PBXFileReference; lastKnownFileType = sourcecode.swift; path = HTTPClient.swift; sourceTree = "<group>"; };
		A538ED622779AC3B0060B9BE /* FeedItemsMapper.swift */ = {isa = PBXFileReference; lastKnownFileType = sourcecode.swift; path = FeedItemsMapper.swift; sourceTree = "<group>"; };
		A54B461928AB85B5002F2EB7 /* CoreDataFeedStoreTests.swift */ = {isa = PBXFileReference; fileEncoding = 4; lastKnownFileType = sourcecode.swift; path = CoreDataFeedStoreTests.swift; sourceTree = "<group>"; };
		A54B461E28AB88D0002F2EB7 /* CoreDataHelpers.swift */ = {isa = PBXFileReference; lastKnownFileType = sourcecode.swift; path = CoreDataHelpers.swift; sourceTree = "<group>"; };
		A54B462028AB8921002F2EB7 /* ManagedCache.swift */ = {isa = PBXFileReference; lastKnownFileType = sourcecode.swift; path = ManagedCache.swift; sourceTree = "<group>"; };
		A54B462228AB8941002F2EB7 /* ManagedFeedImage.swift */ = {isa = PBXFileReference; lastKnownFileType = sourcecode.swift; path = ManagedFeedImage.swift; sourceTree = "<group>"; };
		A54B462828ACD0E5002F2EB7 /* EssentialFeedCacheIntegrationTests.xctest */ = {isa = PBXFileReference; explicitFileType = wrapper.cfbundle; includeInIndex = 0; path = EssentialFeedCacheIntegrationTests.xctest; sourceTree = BUILT_PRODUCTS_DIR; };
		A54B462A28ACD0E5002F2EB7 /* EssentialFeedCacheIntegrationTests.swift */ = {isa = PBXFileReference; lastKnownFileType = sourcecode.swift; path = EssentialFeedCacheIntegrationTests.swift; sourceTree = "<group>"; };
		A54B466028AF6D92002F2EB7 /* EssentialFeediOS.framework */ = {isa = PBXFileReference; explicitFileType = wrapper.framework; includeInIndex = 0; path = EssentialFeediOS.framework; sourceTree = BUILT_PRODUCTS_DIR; };
		A54B466328AF6D92002F2EB7 /* EssentialFeediOS.docc */ = {isa = PBXFileReference; lastKnownFileType = folder.documentationcatalog; path = EssentialFeediOS.docc; sourceTree = "<group>"; };
		A54B466928AF6D93002F2EB7 /* EssentialFeediOSTests.xctest */ = {isa = PBXFileReference; explicitFileType = wrapper.cfbundle; includeInIndex = 0; path = EssentialFeediOSTests.xctest; sourceTree = BUILT_PRODUCTS_DIR; };
		A54B467728AF7768002F2EB7 /* FeedUIIntegrationTests.swift */ = {isa = PBXFileReference; lastKnownFileType = sourcecode.swift; path = FeedUIIntegrationTests.swift; sourceTree = "<group>"; };
		A54B468028AF846D002F2EB7 /* FeedViewController.swift */ = {isa = PBXFileReference; lastKnownFileType = sourcecode.swift; path = FeedViewController.swift; sourceTree = "<group>"; };
		A54B468228B377C6002F2EB7 /* FeedImageCell.swift */ = {isa = PBXFileReference; lastKnownFileType = sourcecode.swift; path = FeedImageCell.swift; sourceTree = "<group>"; };
		A54B468428B387B7002F2EB7 /* UIView+Shimmering.swift */ = {isa = PBXFileReference; lastKnownFileType = sourcecode.swift; path = "UIView+Shimmering.swift"; sourceTree = "<group>"; };
		A54B468728B4CBA4002F2EB7 /* UIImage+TestHelpers.swift */ = {isa = PBXFileReference; lastKnownFileType = sourcecode.swift; path = "UIImage+TestHelpers.swift"; sourceTree = "<group>"; };
		A54B468928B4CC00002F2EB7 /* UIRefreshControl+TestHelpers.swift */ = {isa = PBXFileReference; lastKnownFileType = sourcecode.swift; path = "UIRefreshControl+TestHelpers.swift"; sourceTree = "<group>"; };
		A54B468B28B4CC34002F2EB7 /* UIButton+TestHelpers.swift */ = {isa = PBXFileReference; lastKnownFileType = sourcecode.swift; path = "UIButton+TestHelpers.swift"; sourceTree = "<group>"; };
		A54B468D28B4CC73002F2EB7 /* UIControl+TestHelpers.swift */ = {isa = PBXFileReference; lastKnownFileType = sourcecode.swift; path = "UIControl+TestHelpers.swift"; sourceTree = "<group>"; };
		A54B469228B4CDB6002F2EB7 /* FeedViewController+TestHelpers.swift */ = {isa = PBXFileReference; lastKnownFileType = sourcecode.swift; path = "FeedViewController+TestHelpers.swift"; sourceTree = "<group>"; };
		A54B469428B4CE1A002F2EB7 /* FeedImageCell+TestHelpers.swift */ = {isa = PBXFileReference; lastKnownFileType = sourcecode.swift; path = "FeedImageCell+TestHelpers.swift"; sourceTree = "<group>"; };
		A54B469628B4CE6A002F2EB7 /* FeedViewControllerTests+LoaderSpy.swift */ = {isa = PBXFileReference; lastKnownFileType = sourcecode.swift; path = "FeedViewControllerTests+LoaderSpy.swift"; sourceTree = "<group>"; };
		A54B469828B4CF11002F2EB7 /* FeedViewControllerTests+Assertions.swift */ = {isa = PBXFileReference; lastKnownFileType = sourcecode.swift; path = "FeedViewControllerTests+Assertions.swift"; sourceTree = "<group>"; };
		A54B469D28B4D01E002F2EB7 /* FeedImageDataLoader.swift */ = {isa = PBXFileReference; lastKnownFileType = sourcecode.swift; path = FeedImageDataLoader.swift; sourceTree = "<group>"; };
		A54B46A528B4D9A0002F2EB7 /* FeedImageCellController.swift */ = {isa = PBXFileReference; lastKnownFileType = sourcecode.swift; path = FeedImageCellController.swift; sourceTree = "<group>"; };
		A54B46A828B4DCC0002F2EB7 /* FeedUIComposer.swift */ = {isa = PBXFileReference; lastKnownFileType = sourcecode.swift; path = FeedUIComposer.swift; sourceTree = "<group>"; };
		A54B46B728B76EE9002F2EB7 /* Feed.storyboard */ = {isa = PBXFileReference; lastKnownFileType = file.storyboard; path = Feed.storyboard; sourceTree = "<group>"; };
		A54B46B928B76F94002F2EB7 /* Feed.xcassets */ = {isa = PBXFileReference; lastKnownFileType = folder.assetcatalog; path = Feed.xcassets; sourceTree = "<group>"; };
		A54B46BB28B77BAD002F2EB7 /* UITableView+Dequeueing.swift */ = {isa = PBXFileReference; lastKnownFileType = sourcecode.swift; path = "UITableView+Dequeueing.swift"; sourceTree = "<group>"; };
		A54B46BD28B77D12002F2EB7 /* UIImageView+Animations.swift */ = {isa = PBXFileReference; lastKnownFileType = sourcecode.swift; path = "UIImageView+Animations.swift"; sourceTree = "<group>"; };
		A54B46E128B8B314002F2EB7 /* FeedViewControllerTests+Localization.swift */ = {isa = PBXFileReference; lastKnownFileType = sourcecode.swift; path = "FeedViewControllerTests+Localization.swift"; sourceTree = "<group>"; };
		A54B46EA28B8B5C9002F2EB7 /* FeedLocalizationTests.swift */ = {isa = PBXFileReference; lastKnownFileType = sourcecode.swift; path = FeedLocalizationTests.swift; sourceTree = "<group>"; };
		A54B46EE28B8CC09002F2EB7 /* MainQueueDispatchDecorator.swift */ = {isa = PBXFileReference; lastKnownFileType = sourcecode.swift; path = MainQueueDispatchDecorator.swift; sourceTree = "<group>"; };
		A54B46F028B8CC4A002F2EB7 /* WeakRefVirtualProxy.swift */ = {isa = PBXFileReference; lastKnownFileType = sourcecode.swift; path = WeakRefVirtualProxy.swift; sourceTree = "<group>"; };
		A54B46F228B8CC9F002F2EB7 /* FeedImageDataLoaderPresentationAdapter.swift */ = {isa = PBXFileReference; lastKnownFileType = sourcecode.swift; path = FeedImageDataLoaderPresentationAdapter.swift; sourceTree = "<group>"; };
		A54B46F428B8CCD4002F2EB7 /* FeedLoaderPresentationAdapter.swift */ = {isa = PBXFileReference; lastKnownFileType = sourcecode.swift; path = FeedLoaderPresentationAdapter.swift; sourceTree = "<group>"; };
		A54B46F628B8CD05002F2EB7 /* FeedViewAdapter.swift */ = {isa = PBXFileReference; lastKnownFileType = sourcecode.swift; path = FeedViewAdapter.swift; sourceTree = "<group>"; };
		A5515BC528BDB3F900F96CA3 /* ErrorView.swift */ = {isa = PBXFileReference; lastKnownFileType = sourcecode.swift; path = ErrorView.swift; sourceTree = "<group>"; };
		A5515BCA28BDB93F00F96CA3 /* UIRefreshControl+Helpers.swift */ = {isa = PBXFileReference; lastKnownFileType = sourcecode.swift; path = "UIRefreshControl+Helpers.swift"; sourceTree = "<group>"; };
		A5515BCE28BDBE1800F96CA3 /* FeedPresenterTests.swift */ = {isa = PBXFileReference; fileEncoding = 4; lastKnownFileType = sourcecode.swift; path = FeedPresenterTests.swift; sourceTree = "<group>"; };
		A5515BD328BDED4E00F96CA3 /* en */ = {isa = PBXFileReference; lastKnownFileType = text.plist.strings; name = en; path = en.lproj/Feed.strings; sourceTree = "<group>"; };
		A5515BD528BDED5000F96CA3 /* el */ = {isa = PBXFileReference; lastKnownFileType = text.plist.strings; name = el; path = el.lproj/Feed.strings; sourceTree = "<group>"; };
		A5515BD628BDED5200F96CA3 /* pt-BR */ = {isa = PBXFileReference; lastKnownFileType = text.plist.strings; name = "pt-BR"; path = "pt-BR.lproj/Feed.strings"; sourceTree = "<group>"; };
		A5515BD828BDEF2F00F96CA3 /* FeedPresenter.swift */ = {isa = PBXFileReference; lastKnownFileType = sourcecode.swift; path = FeedPresenter.swift; sourceTree = "<group>"; };
		A5515BDB28BDF01F00F96CA3 /* FeedViewModel.swift */ = {isa = PBXFileReference; lastKnownFileType = sourcecode.swift; path = FeedViewModel.swift; sourceTree = "<group>"; };
		A5515BDD28BDF06F00F96CA3 /* FeedLoadingViewModel.swift */ = {isa = PBXFileReference; lastKnownFileType = sourcecode.swift; path = FeedLoadingViewModel.swift; sourceTree = "<group>"; };
		A5515BDF28BDF09900F96CA3 /* FeedErrorViewModel.swift */ = {isa = PBXFileReference; lastKnownFileType = sourcecode.swift; path = FeedErrorViewModel.swift; sourceTree = "<group>"; };
		A5515BE228BDF2D200F96CA3 /* FeedImagePresenterTests.swift */ = {isa = PBXFileReference; lastKnownFileType = sourcecode.swift; path = FeedImagePresenterTests.swift; sourceTree = "<group>"; };
		A5515BE428BDF7D900F96CA3 /* FeedImagePresenter.swift */ = {isa = PBXFileReference; lastKnownFileType = sourcecode.swift; path = FeedImagePresenter.swift; sourceTree = "<group>"; };
		A5515BE628BDF84900F96CA3 /* FeedImageViewModel.swift */ = {isa = PBXFileReference; lastKnownFileType = sourcecode.swift; path = FeedImageViewModel.swift; sourceTree = "<group>"; };
		A5515C2D28BF4AA900F96CA3 /* LoadFeedImageDataFromRemoteUseCaseTests.swift */ = {isa = PBXFileReference; lastKnownFileType = sourcecode.swift; path = LoadFeedImageDataFromRemoteUseCaseTests.swift; sourceTree = "<group>"; };
		A5515C3028BF615600F96CA3 /* HTTPClientSpy.swift */ = {isa = PBXFileReference; lastKnownFileType = sourcecode.swift; path = HTTPClientSpy.swift; sourceTree = "<group>"; };
		A5515C3228BF61B000F96CA3 /* RemoteFeedImageDataLoader.swift */ = {isa = PBXFileReference; lastKnownFileType = sourcecode.swift; path = RemoteFeedImageDataLoader.swift; sourceTree = "<group>"; };
		A5515C3528BF653200F96CA3 /* HTTPURLResponse+StatusCode.swift */ = {isa = PBXFileReference; lastKnownFileType = sourcecode.swift; path = "HTTPURLResponse+StatusCode.swift"; sourceTree = "<group>"; };
		A5515C3728BF65D200F96CA3 /* URLProtocolStub.swift */ = {isa = PBXFileReference; lastKnownFileType = sourcecode.swift; path = URLProtocolStub.swift; sourceTree = "<group>"; };
		A5515C3928C0554F00F96CA3 /* LoadFeedImageDataFromCacheUseCaseTests.swift */ = {isa = PBXFileReference; lastKnownFileType = sourcecode.swift; path = LoadFeedImageDataFromCacheUseCaseTests.swift; sourceTree = "<group>"; };
		A5515C3B28C05A9D00F96CA3 /* FeedImageDataStore.swift */ = {isa = PBXFileReference; lastKnownFileType = sourcecode.swift; path = FeedImageDataStore.swift; sourceTree = "<group>"; };
		A5515C3D28C05ABA00F96CA3 /* LocalFeedImageDataLoader.swift */ = {isa = PBXFileReference; lastKnownFileType = sourcecode.swift; path = LocalFeedImageDataLoader.swift; sourceTree = "<group>"; };
		A5515C3F28C05EF200F96CA3 /* FeedImageDataStoreSpy.swift */ = {isa = PBXFileReference; lastKnownFileType = sourcecode.swift; path = FeedImageDataStoreSpy.swift; sourceTree = "<group>"; };
		A5515C4128C05F7000F96CA3 /* CacheFeedImageDataUseCaseTests.swift */ = {isa = PBXFileReference; lastKnownFileType = sourcecode.swift; path = CacheFeedImageDataUseCaseTests.swift; sourceTree = "<group>"; };
		A5515C4328C061E200F96CA3 /* CoreDataFeedImageDataStoreTests.swift */ = {isa = PBXFileReference; lastKnownFileType = sourcecode.swift; path = CoreDataFeedImageDataStoreTests.swift; sourceTree = "<group>"; };
		A5515C4528C0631000F96CA3 /* FeedStore 2.xcdatamodel */ = {isa = PBXFileReference; lastKnownFileType = wrapper.xcdatamodel; path = "FeedStore 2.xcdatamodel"; sourceTree = "<group>"; };
		A5515C4628C065F300F96CA3 /* CoreDataFeedStore+FeedImageDataLoader.swift */ = {isa = PBXFileReference; lastKnownFileType = sourcecode.swift; path = "CoreDataFeedStore+FeedImageDataLoader.swift"; sourceTree = "<group>"; };
		A5515C4828C0691F00F96CA3 /* CoreDataFeedStore+FeedStore.swift */ = {isa = PBXFileReference; lastKnownFileType = sourcecode.swift; path = "CoreDataFeedStore+FeedStore.swift"; sourceTree = "<group>"; };
		A5515CA128C206CF00F96CA3 /* FeedCache.swift */ = {isa = PBXFileReference; lastKnownFileType = sourcecode.swift; path = FeedCache.swift; sourceTree = "<group>"; };
		A5584D4027703AD3009C5890 /* EssentialFeed.framework */ = {isa = PBXFileReference; explicitFileType = wrapper.framework; includeInIndex = 0; path = EssentialFeed.framework; sourceTree = BUILT_PRODUCTS_DIR; };
		A5584D4327703AD3009C5890 /* EssentialFeed.h */ = {isa = PBXFileReference; lastKnownFileType = sourcecode.c.h; path = EssentialFeed.h; sourceTree = "<group>"; };
		A5584D4427703AD3009C5890 /* Info.plist */ = {isa = PBXFileReference; lastKnownFileType = text.plist.xml; path = Info.plist; sourceTree = "<group>"; };
		A5584D4927703AD3009C5890 /* EssentialFeedTests.xctest */ = {isa = PBXFileReference; explicitFileType = wrapper.cfbundle; includeInIndex = 0; path = EssentialFeedTests.xctest; sourceTree = BUILT_PRODUCTS_DIR; };
		A5584D5027703AD3009C5890 /* Info.plist */ = {isa = PBXFileReference; lastKnownFileType = text.plist.xml; path = Info.plist; sourceTree = "<group>"; };
		A5584D5C27703AFA009C5890 /* FeedItem.swift */ = {isa = PBXFileReference; lastKnownFileType = sourcecode.swift; path = FeedItem.swift; sourceTree = "<group>"; };
		A5584D6027703C60009C5890 /* FeedLoader.swift */ = {isa = PBXFileReference; lastKnownFileType = sourcecode.swift; path = FeedLoader.swift; sourceTree = "<group>"; };
		A5584D6F27705584009C5890 /* LoadFeedFromRemoteUseCaseTests.swift */ = {isa = PBXFileReference; lastKnownFileType = sourcecode.swift; path = LoadFeedFromRemoteUseCaseTests.swift; sourceTree = "<group>"; };
		A564CC97277078A100AB0FD1 /* RemoteFeedLoader.swift */ = {isa = PBXFileReference; lastKnownFileType = sourcecode.swift; path = RemoteFeedLoader.swift; sourceTree = "<group>"; };
		A56EE59028A3A96500C8103D /* FeedCachePolicy.swift */ = {isa = PBXFileReference; lastKnownFileType = sourcecode.swift; path = FeedCachePolicy.swift; sourceTree = "<group>"; };
		A57474772886A5A300CEE656 /* URLSessionHTTPClientTests.swift */ = {isa = PBXFileReference; lastKnownFileType = sourcecode.swift; path = URLSessionHTTPClientTests.swift; sourceTree = "<group>"; };
		A59668CD28AA44A000877410 /* FeedStoreSpecs.swift */ = {isa = PBXFileReference; lastKnownFileType = sourcecode.swift; path = FeedStoreSpecs.swift; sourceTree = "<group>"; };
		A59668CF28AA451800877410 /* XCTestCase+FeedStoreSpecs.swift */ = {isa = PBXFileReference; lastKnownFileType = sourcecode.swift; path = "XCTestCase+FeedStoreSpecs.swift"; sourceTree = "<group>"; };
		A59668D128AA49CA00877410 /* XCTestCase+FailableRetrieveFeedStoreSpecs.swift */ = {isa = PBXFileReference; lastKnownFileType = sourcecode.swift; path = "XCTestCase+FailableRetrieveFeedStoreSpecs.swift"; sourceTree = "<group>"; };
		A59668D328AA4A3F00877410 /* XCTestCase+FailableInsertFeedStoreSpecs.swift */ = {isa = PBXFileReference; lastKnownFileType = sourcecode.swift; path = "XCTestCase+FailableInsertFeedStoreSpecs.swift"; sourceTree = "<group>"; };
		A59668D528AA4A9500877410 /* XCTestCase+FailableDeleteFeedStoreSpecs.swift */ = {isa = PBXFileReference; lastKnownFileType = sourcecode.swift; path = "XCTestCase+FailableDeleteFeedStoreSpecs.swift"; sourceTree = "<group>"; };
		A59668DA28AB4D1300877410 /* CoreDataFeedStore.swift */ = {isa = PBXFileReference; lastKnownFileType = sourcecode.swift; path = CoreDataFeedStore.swift; sourceTree = "<group>"; };
		A59668DD28AB4E5500877410 /* FeedStore.xcdatamodel */ = {isa = PBXFileReference; lastKnownFileType = wrapper.xcdatamodel; path = FeedStore.xcdatamodel; sourceTree = "<group>"; };
		A5AB1D10288A9150001EECA8 /* XCTestCase+MemoryLeakTracking.swift */ = {isa = PBXFileReference; lastKnownFileType = sourcecode.swift; path = "XCTestCase+MemoryLeakTracking.swift"; sourceTree = "<group>"; };
		A5AB1D12288AA2D7001EECA8 /* URLSessionHTTPClient.swift */ = {isa = PBXFileReference; lastKnownFileType = sourcecode.swift; path = URLSessionHTTPClient.swift; sourceTree = "<group>"; };
		A5AB1D18288E9073001EECA8 /* EssentialFeedAPIEndToEndTests.xctest */ = {isa = PBXFileReference; explicitFileType = wrapper.cfbundle; includeInIndex = 0; path = EssentialFeedAPIEndToEndTests.xctest; sourceTree = BUILT_PRODUCTS_DIR; };
		A5AB1D1A288E9073001EECA8 /* EssentialFeedAPIEndToEndTests.swift */ = {isa = PBXFileReference; lastKnownFileType = sourcecode.swift; path = EssentialFeedAPIEndToEndTests.swift; sourceTree = "<group>"; };
		A5FE0FA9289A696A00C91E74 /* CacheFeedUseCaseTests.swift */ = {isa = PBXFileReference; lastKnownFileType = sourcecode.swift; path = CacheFeedUseCaseTests.swift; sourceTree = "<group>"; };
		A5FE0FAC289B72E300C91E74 /* LocalFeedLoader.swift */ = {isa = PBXFileReference; lastKnownFileType = sourcecode.swift; path = LocalFeedLoader.swift; sourceTree = "<group>"; };
		A5FE0FAE289B740B00C91E74 /* FeedStore.swift */ = {isa = PBXFileReference; lastKnownFileType = sourcecode.swift; path = FeedStore.swift; sourceTree = "<group>"; };
		A5FE0FB0289BAF6100C91E74 /* RemoteFeedItem.swift */ = {isa = PBXFileReference; lastKnownFileType = sourcecode.swift; path = RemoteFeedItem.swift; sourceTree = "<group>"; };
		A5FE0FB2289BAFAB00C91E74 /* LocalFeedImage.swift */ = {isa = PBXFileReference; lastKnownFileType = sourcecode.swift; path = LocalFeedImage.swift; sourceTree = "<group>"; };
		A5FE0FB4289CEE9E00C91E74 /* LoadFeedFromCacheUseCaseTests.swift */ = {isa = PBXFileReference; lastKnownFileType = sourcecode.swift; path = LoadFeedFromCacheUseCaseTests.swift; sourceTree = "<group>"; };
		A5FE0FB7289CEFC400C91E74 /* FeedStoreSpy.swift */ = {isa = PBXFileReference; lastKnownFileType = sourcecode.swift; path = FeedStoreSpy.swift; sourceTree = "<group>"; };
/* End PBXFileReference section */

/* Begin PBXFrameworksBuildPhase section */
		A54B462528ACD0E5002F2EB7 /* Frameworks */ = {
			isa = PBXFrameworksBuildPhase;
			buildActionMask = 2147483647;
			files = (
				A54B462C28ACD0E5002F2EB7 /* EssentialFeed.framework in Frameworks */,
			);
			runOnlyForDeploymentPostprocessing = 0;
		};
		A54B465D28AF6D92002F2EB7 /* Frameworks */ = {
			isa = PBXFrameworksBuildPhase;
			buildActionMask = 2147483647;
			files = (
				A54B467A28AF7967002F2EB7 /* EssentialFeed.framework in Frameworks */,
			);
			runOnlyForDeploymentPostprocessing = 0;
		};
		A54B466628AF6D93002F2EB7 /* Frameworks */ = {
			isa = PBXFrameworksBuildPhase;
			buildActionMask = 2147483647;
			files = (
				A54B466A28AF6D93002F2EB7 /* EssentialFeediOS.framework in Frameworks */,
			);
			runOnlyForDeploymentPostprocessing = 0;
		};
		A5584D3D27703AD3009C5890 /* Frameworks */ = {
			isa = PBXFrameworksBuildPhase;
			buildActionMask = 2147483647;
			files = (
			);
			runOnlyForDeploymentPostprocessing = 0;
		};
		A5584D4627703AD3009C5890 /* Frameworks */ = {
			isa = PBXFrameworksBuildPhase;
			buildActionMask = 2147483647;
			files = (
				A5584D4A27703AD3009C5890 /* EssentialFeed.framework in Frameworks */,
			);
			runOnlyForDeploymentPostprocessing = 0;
		};
		A5AB1D15288E9073001EECA8 /* Frameworks */ = {
			isa = PBXFrameworksBuildPhase;
			buildActionMask = 2147483647;
			files = (
				A5AB1D1C288E9073001EECA8 /* EssentialFeed.framework in Frameworks */,
			);
			runOnlyForDeploymentPostprocessing = 0;
		};
/* End PBXFrameworksBuildPhase section */

/* Begin PBXGroup section */
		A538ED662779B49B0060B9BE /* Feed API */ = {
			isa = PBXGroup;
			children = (
				A5515C2F28BF614900F96CA3 /* Helpers */,
				A5584D6F27705584009C5890 /* LoadFeedFromRemoteUseCaseTests.swift */,
				A57474772886A5A300CEE656 /* URLSessionHTTPClientTests.swift */,
				A5515C2D28BF4AA900F96CA3 /* LoadFeedImageDataFromRemoteUseCaseTests.swift */,
			);
			path = "Feed API";
			sourceTree = "<group>";
		};
		A54B461B28AB8827002F2EB7 /* Infrastructure */ = {
			isa = PBXGroup;
			children = (
				A54B461C28AB8836002F2EB7 /* CoreData */,
			);
			path = Infrastructure;
			sourceTree = "<group>";
		};
		A54B461C28AB8836002F2EB7 /* CoreData */ = {
			isa = PBXGroup;
			children = (
				A59668DA28AB4D1300877410 /* CoreDataFeedStore.swift */,
				A59668DC28AB4E5500877410 /* FeedStore.xcdatamodeld */,
				A54B461E28AB88D0002F2EB7 /* CoreDataHelpers.swift */,
				A54B462028AB8921002F2EB7 /* ManagedCache.swift */,
				A54B462228AB8941002F2EB7 /* ManagedFeedImage.swift */,
				A5515C4628C065F300F96CA3 /* CoreDataFeedStore+FeedImageDataLoader.swift */,
				A5515C4828C0691F00F96CA3 /* CoreDataFeedStore+FeedStore.swift */,
			);
			path = CoreData;
			sourceTree = "<group>";
		};
		A54B462928ACD0E5002F2EB7 /* EssentialFeedCacheIntegrationTests */ = {
			isa = PBXGroup;
			children = (
				A54B462A28ACD0E5002F2EB7 /* EssentialFeedCacheIntegrationTests.swift */,
			);
			path = EssentialFeedCacheIntegrationTests;
			sourceTree = "<group>";
		};
		A54B466128AF6D92002F2EB7 /* EssentialFeediOS */ = {
			isa = PBXGroup;
			children = (
				A54B466328AF6D92002F2EB7 /* EssentialFeediOS.docc */,
				A54B469A28B4CF85002F2EB7 /* Feed UI */,
			);
			path = EssentialFeediOS;
			sourceTree = "<group>";
		};
		A54B466D28AF6D93002F2EB7 /* EssentialFeediOSTests */ = {
			isa = PBXGroup;
			children = (
				A54B469B28B4CFBC002F2EB7 /* Feed UI */,
			);
			path = EssentialFeediOSTests;
			sourceTree = "<group>";
		};
		A54B467928AF7967002F2EB7 /* Frameworks */ = {
			isa = PBXGroup;
			children = (
			);
			name = Frameworks;
			sourceTree = "<group>";
		};
		A54B468628B4CB91002F2EB7 /* Helpers */ = {
			isa = PBXGroup;
			children = (
				A54B468728B4CBA4002F2EB7 /* UIImage+TestHelpers.swift */,
				A54B468928B4CC00002F2EB7 /* UIRefreshControl+TestHelpers.swift */,
				A54B468B28B4CC34002F2EB7 /* UIButton+TestHelpers.swift */,
				A54B468D28B4CC73002F2EB7 /* UIControl+TestHelpers.swift */,
				A54B469228B4CDB6002F2EB7 /* FeedViewController+TestHelpers.swift */,
				A54B469428B4CE1A002F2EB7 /* FeedImageCell+TestHelpers.swift */,
				A54B469628B4CE6A002F2EB7 /* FeedViewControllerTests+LoaderSpy.swift */,
				A54B469828B4CF11002F2EB7 /* FeedViewControllerTests+Assertions.swift */,
				A54B46E128B8B314002F2EB7 /* FeedViewControllerTests+Localization.swift */,
			);
			path = Helpers;
			sourceTree = "<group>";
		};
		A54B468F28B4CCF6002F2EB7 /* Controllers */ = {
			isa = PBXGroup;
			children = (
				A54B468028AF846D002F2EB7 /* FeedViewController.swift */,
				A54B46A528B4D9A0002F2EB7 /* FeedImageCellController.swift */,
			);
			path = Controllers;
			sourceTree = "<group>";
		};
		A54B469028B4CD00002F2EB7 /* Views */ = {
			isa = PBXGroup;
			children = (
				A5515BC728BDB86B00F96CA3 /* Helpers */,
				A54B468228B377C6002F2EB7 /* FeedImageCell.swift */,
				A54B46B728B76EE9002F2EB7 /* Feed.storyboard */,
				A54B46B928B76F94002F2EB7 /* Feed.xcassets */,
				A5515BC528BDB3F900F96CA3 /* ErrorView.swift */,
			);
			path = Views;
			sourceTree = "<group>";
		};
		A54B469A28B4CF85002F2EB7 /* Feed UI */ = {
			isa = PBXGroup;
			children = (
				A54B46A728B4DCB3002F2EB7 /* Composers */,
				A54B468F28B4CCF6002F2EB7 /* Controllers */,
				A54B469028B4CD00002F2EB7 /* Views */,
			);
			path = "Feed UI";
			sourceTree = "<group>";
		};
		A54B469B28B4CFBC002F2EB7 /* Feed UI */ = {
			isa = PBXGroup;
			children = (
				A54B468628B4CB91002F2EB7 /* Helpers */,
				A54B467728AF7768002F2EB7 /* FeedUIIntegrationTests.swift */,
			);
			path = "Feed UI";
			sourceTree = "<group>";
		};
		A54B46A728B4DCB3002F2EB7 /* Composers */ = {
			isa = PBXGroup;
			children = (
				A54B46A828B4DCC0002F2EB7 /* FeedUIComposer.swift */,
				A54B46EE28B8CC09002F2EB7 /* MainQueueDispatchDecorator.swift */,
				A54B46F028B8CC4A002F2EB7 /* WeakRefVirtualProxy.swift */,
				A54B46F228B8CC9F002F2EB7 /* FeedImageDataLoaderPresentationAdapter.swift */,
				A54B46F428B8CCD4002F2EB7 /* FeedLoaderPresentationAdapter.swift */,
				A54B46F628B8CD05002F2EB7 /* FeedViewAdapter.swift */,
			);
			path = Composers;
			sourceTree = "<group>";
		};
		A5515BC728BDB86B00F96CA3 /* Helpers */ = {
			isa = PBXGroup;
			children = (
				A54B468428B387B7002F2EB7 /* UIView+Shimmering.swift */,
				A54B46BB28B77BAD002F2EB7 /* UITableView+Dequeueing.swift */,
				A54B46BD28B77D12002F2EB7 /* UIImageView+Animations.swift */,
				A5515BCA28BDB93F00F96CA3 /* UIRefreshControl+Helpers.swift */,
			);
			path = Helpers;
			sourceTree = "<group>";
		};
		A5515BCD28BDBE1800F96CA3 /* Feed Presentation */ = {
			isa = PBXGroup;
			children = (
				A5515BCE28BDBE1800F96CA3 /* FeedPresenterTests.swift */,
				A54B46EA28B8B5C9002F2EB7 /* FeedLocalizationTests.swift */,
				A5515BE228BDF2D200F96CA3 /* FeedImagePresenterTests.swift */,
			);
			path = "Feed Presentation";
			sourceTree = "<group>";
		};
		A5515BD728BDEF1400F96CA3 /* Feed Presentation */ = {
			isa = PBXGroup;
			children = (
				A5515BD828BDEF2F00F96CA3 /* FeedPresenter.swift */,
				A5515BDB28BDF01F00F96CA3 /* FeedViewModel.swift */,
				A5515BDD28BDF06F00F96CA3 /* FeedLoadingViewModel.swift */,
				A5515BDF28BDF09900F96CA3 /* FeedErrorViewModel.swift */,
				A5515BD428BDED4E00F96CA3 /* Feed.strings */,
				A5515BE428BDF7D900F96CA3 /* FeedImagePresenter.swift */,
				A5515BE628BDF84900F96CA3 /* FeedImageViewModel.swift */,
			);
			path = "Feed Presentation";
			sourceTree = "<group>";
		};
		A5515C2F28BF614900F96CA3 /* Helpers */ = {
			isa = PBXGroup;
			children = (
				A5515C3028BF615600F96CA3 /* HTTPClientSpy.swift */,
				A5515C3728BF65D200F96CA3 /* URLProtocolStub.swift */,
			);
			path = Helpers;
			sourceTree = "<group>";
		};
		A5515C3428BF652200F96CA3 /* Helpers */ = {
			isa = PBXGroup;
			children = (
				A5515C3528BF653200F96CA3 /* HTTPURLResponse+StatusCode.swift */,
			);
			path = Helpers;
			sourceTree = "<group>";
		};
		A5584D3627703AD3009C5890 = {
			isa = PBXGroup;
			children = (
				A5584D4227703AD3009C5890 /* EssentialFeed */,
				A5584D4D27703AD3009C5890 /* EssentialFeedTests */,
				A5AB1D19288E9073001EECA8 /* EssentialFeedAPIEndToEndTests */,
				A54B462928ACD0E5002F2EB7 /* EssentialFeedCacheIntegrationTests */,
				A54B466128AF6D92002F2EB7 /* EssentialFeediOS */,
				A54B466D28AF6D93002F2EB7 /* EssentialFeediOSTests */,
				A5584D4127703AD3009C5890 /* Products */,
				A54B467928AF7967002F2EB7 /* Frameworks */,
			);
			sourceTree = "<group>";
		};
		A5584D4127703AD3009C5890 /* Products */ = {
			isa = PBXGroup;
			children = (
				A5584D4027703AD3009C5890 /* EssentialFeed.framework */,
				A5584D4927703AD3009C5890 /* EssentialFeedTests.xctest */,
				A5AB1D18288E9073001EECA8 /* EssentialFeedAPIEndToEndTests.xctest */,
				A54B462828ACD0E5002F2EB7 /* EssentialFeedCacheIntegrationTests.xctest */,
				A54B466028AF6D92002F2EB7 /* EssentialFeediOS.framework */,
				A54B466928AF6D93002F2EB7 /* EssentialFeediOSTests.xctest */,
			);
			name = Products;
			sourceTree = "<group>";
		};
		A5584D4227703AD3009C5890 /* EssentialFeed */ = {
			isa = PBXGroup;
			children = (
				A5584D4327703AD3009C5890 /* EssentialFeed.h */,
				A5584D4427703AD3009C5890 /* Info.plist */,
				A5FE0FAB289B72D500C91E74 /* Feed Cache */,
				A5584D6427703E86009C5890 /* Feed Feature */,
				A564CC962770788300AB0FD1 /* Feed API */,
				A5515BD728BDEF1400F96CA3 /* Feed Presentation */,
			);
			path = EssentialFeed;
			sourceTree = "<group>";
		};
		A5584D4D27703AD3009C5890 /* EssentialFeedTests */ = {
			isa = PBXGroup;
			children = (
				A5584D5027703AD3009C5890 /* Info.plist */,
				A5515BCD28BDBE1800F96CA3 /* Feed Presentation */,
				A5AB1D0F288A90E4001EECA8 /* Helpers */,
				A5FE0FA8289A693F00C91E74 /* Feed Cache */,
				A538ED662779B49B0060B9BE /* Feed API */,
			);
			path = EssentialFeedTests;
			sourceTree = "<group>";
		};
		A5584D6427703E86009C5890 /* Feed Feature */ = {
			isa = PBXGroup;
			children = (
				A54B469D28B4D01E002F2EB7 /* FeedImageDataLoader.swift */,
				A5584D5C27703AFA009C5890 /* FeedItem.swift */,
				A5584D6027703C60009C5890 /* FeedLoader.swift */,
				A5515CA128C206CF00F96CA3 /* FeedCache.swift */,
			);
			path = "Feed Feature";
			sourceTree = "<group>";
		};
		A564CC962770788300AB0FD1 /* Feed API */ = {
			isa = PBXGroup;
			children = (
				A5515C3428BF652200F96CA3 /* Helpers */,
				A564CC97277078A100AB0FD1 /* RemoteFeedLoader.swift */,
				A538ED622779AC3B0060B9BE /* FeedItemsMapper.swift */,
				A5FE0FB0289BAF6100C91E74 /* RemoteFeedItem.swift */,
				A538ED5E2779ABD40060B9BE /* HTTPClient.swift */,
				A5AB1D12288AA2D7001EECA8 /* URLSessionHTTPClient.swift */,
				A5515C3228BF61B000F96CA3 /* RemoteFeedImageDataLoader.swift */,
			);
			path = "Feed API";
			sourceTree = "<group>";
		};
		A59668D728AA4AD300877410 /* FeedStoreSpecs */ = {
			isa = PBXGroup;
			children = (
				A59668CD28AA44A000877410 /* FeedStoreSpecs.swift */,
				A59668CF28AA451800877410 /* XCTestCase+FeedStoreSpecs.swift */,
				A59668D128AA49CA00877410 /* XCTestCase+FailableRetrieveFeedStoreSpecs.swift */,
				A59668D328AA4A3F00877410 /* XCTestCase+FailableInsertFeedStoreSpecs.swift */,
				A59668D528AA4A9500877410 /* XCTestCase+FailableDeleteFeedStoreSpecs.swift */,
			);
			path = FeedStoreSpecs;
			sourceTree = "<group>";
		};
		A5AB1D0F288A90E4001EECA8 /* Helpers */ = {
			isa = PBXGroup;
			children = (
				A5AB1D10288A9150001EECA8 /* XCTestCase+MemoryLeakTracking.swift */,
				A50DDD5728A24ACF00E05DA8 /* SharedTestHelpers.swift */,
			);
			path = Helpers;
			sourceTree = "<group>";
		};
		A5AB1D19288E9073001EECA8 /* EssentialFeedAPIEndToEndTests */ = {
			isa = PBXGroup;
			children = (
				A5AB1D1A288E9073001EECA8 /* EssentialFeedAPIEndToEndTests.swift */,
			);
			path = EssentialFeedAPIEndToEndTests;
			sourceTree = "<group>";
		};
		A5FE0FA8289A693F00C91E74 /* Feed Cache */ = {
			isa = PBXGroup;
			children = (
				A59668D728AA4AD300877410 /* FeedStoreSpecs */,
				A5FE0FB6289CEFB300C91E74 /* Helpers */,
				A5FE0FA9289A696A00C91E74 /* CacheFeedUseCaseTests.swift */,
				A5FE0FB4289CEE9E00C91E74 /* LoadFeedFromCacheUseCaseTests.swift */,
				A50DDD5328A2467900E05DA8 /* ValidateFeedCacheUseCaseTests.swift */,
				A54B461928AB85B5002F2EB7 /* CoreDataFeedStoreTests.swift */,
				A5515C3928C0554F00F96CA3 /* LoadFeedImageDataFromCacheUseCaseTests.swift */,
				A5515C4128C05F7000F96CA3 /* CacheFeedImageDataUseCaseTests.swift */,
				A5515C4328C061E200F96CA3 /* CoreDataFeedImageDataStoreTests.swift */,
			);
			path = "Feed Cache";
			sourceTree = "<group>";
		};
		A5FE0FAB289B72D500C91E74 /* Feed Cache */ = {
			isa = PBXGroup;
			children = (
				A54B461B28AB8827002F2EB7 /* Infrastructure */,
				A5FE0FAC289B72E300C91E74 /* LocalFeedLoader.swift */,
				A5FE0FAE289B740B00C91E74 /* FeedStore.swift */,
				A5FE0FB2289BAFAB00C91E74 /* LocalFeedImage.swift */,
				A56EE59028A3A96500C8103D /* FeedCachePolicy.swift */,
				A5515C3B28C05A9D00F96CA3 /* FeedImageDataStore.swift */,
				A5515C3D28C05ABA00F96CA3 /* LocalFeedImageDataLoader.swift */,
			);
			path = "Feed Cache";
			sourceTree = "<group>";
		};
		A5FE0FB6289CEFB300C91E74 /* Helpers */ = {
			isa = PBXGroup;
			children = (
				A5FE0FB7289CEFC400C91E74 /* FeedStoreSpy.swift */,
				A50DDD5528A24A3100E05DA8 /* FeedCacheTestHelpers.swift */,
				A5515C3F28C05EF200F96CA3 /* FeedImageDataStoreSpy.swift */,
			);
			path = Helpers;
			sourceTree = "<group>";
		};
/* End PBXGroup section */

/* Begin PBXHeadersBuildPhase section */
		A54B465B28AF6D92002F2EB7 /* Headers */ = {
			isa = PBXHeadersBuildPhase;
			buildActionMask = 2147483647;
			files = (
			);
			runOnlyForDeploymentPostprocessing = 0;
		};
		A5584D3B27703AD3009C5890 /* Headers */ = {
			isa = PBXHeadersBuildPhase;
			buildActionMask = 2147483647;
			files = (
				A5584D5127703AD3009C5890 /* EssentialFeed.h in Headers */,
			);
			runOnlyForDeploymentPostprocessing = 0;
		};
/* End PBXHeadersBuildPhase section */

/* Begin PBXNativeTarget section */
		A54B462728ACD0E5002F2EB7 /* EssentialFeedCacheIntegrationTests */ = {
			isa = PBXNativeTarget;
			buildConfigurationList = A54B462F28ACD0E5002F2EB7 /* Build configuration list for PBXNativeTarget "EssentialFeedCacheIntegrationTests" */;
			buildPhases = (
				A54B462428ACD0E5002F2EB7 /* Sources */,
				A54B462528ACD0E5002F2EB7 /* Frameworks */,
				A54B462628ACD0E5002F2EB7 /* Resources */,
			);
			buildRules = (
			);
			dependencies = (
				A54B462E28ACD0E5002F2EB7 /* PBXTargetDependency */,
			);
			name = EssentialFeedCacheIntegrationTests;
			productName = EssentialFeedCacheIntegrationTests;
			productReference = A54B462828ACD0E5002F2EB7 /* EssentialFeedCacheIntegrationTests.xctest */;
			productType = "com.apple.product-type.bundle.unit-test";
		};
		A54B465F28AF6D92002F2EB7 /* EssentialFeediOS */ = {
			isa = PBXNativeTarget;
			buildConfigurationList = A54B467128AF6D93002F2EB7 /* Build configuration list for PBXNativeTarget "EssentialFeediOS" */;
			buildPhases = (
				A54B465B28AF6D92002F2EB7 /* Headers */,
				A54B465C28AF6D92002F2EB7 /* Sources */,
				A54B465D28AF6D92002F2EB7 /* Frameworks */,
				A54B465E28AF6D92002F2EB7 /* Resources */,
				A54B467E28AF7968002F2EB7 /* Embed Frameworks */,
			);
			buildRules = (
			);
			dependencies = (
				A54B467D28AF7967002F2EB7 /* PBXTargetDependency */,
			);
			name = EssentialFeediOS;
			productName = EssentialFeediOS;
			productReference = A54B466028AF6D92002F2EB7 /* EssentialFeediOS.framework */;
			productType = "com.apple.product-type.framework";
		};
		A54B466828AF6D93002F2EB7 /* EssentialFeediOSTests */ = {
			isa = PBXNativeTarget;
			buildConfigurationList = A54B467428AF6D93002F2EB7 /* Build configuration list for PBXNativeTarget "EssentialFeediOSTests" */;
			buildPhases = (
				A54B466528AF6D93002F2EB7 /* Sources */,
				A54B466628AF6D93002F2EB7 /* Frameworks */,
				A54B466728AF6D93002F2EB7 /* Resources */,
			);
			buildRules = (
			);
			dependencies = (
				A54B466C28AF6D93002F2EB7 /* PBXTargetDependency */,
			);
			name = EssentialFeediOSTests;
			productName = EssentialFeediOSTests;
			productReference = A54B466928AF6D93002F2EB7 /* EssentialFeediOSTests.xctest */;
			productType = "com.apple.product-type.bundle.unit-test";
		};
		A5584D3F27703AD3009C5890 /* EssentialFeed */ = {
			isa = PBXNativeTarget;
			buildConfigurationList = A5584D5427703AD3009C5890 /* Build configuration list for PBXNativeTarget "EssentialFeed" */;
			buildPhases = (
				A5584D3B27703AD3009C5890 /* Headers */,
				A5584D3C27703AD3009C5890 /* Sources */,
				A5584D3D27703AD3009C5890 /* Frameworks */,
				A5584D3E27703AD3009C5890 /* Resources */,
			);
			buildRules = (
			);
			dependencies = (
			);
			name = EssentialFeed;
			productName = EssentialFeed;
			productReference = A5584D4027703AD3009C5890 /* EssentialFeed.framework */;
			productType = "com.apple.product-type.framework";
		};
		A5584D4827703AD3009C5890 /* EssentialFeedTests */ = {
			isa = PBXNativeTarget;
			buildConfigurationList = A5584D5727703AD3009C5890 /* Build configuration list for PBXNativeTarget "EssentialFeedTests" */;
			buildPhases = (
				A5584D4527703AD3009C5890 /* Sources */,
				A5584D4627703AD3009C5890 /* Frameworks */,
				A5584D4727703AD3009C5890 /* Resources */,
			);
			buildRules = (
			);
			dependencies = (
				A5584D4C27703AD3009C5890 /* PBXTargetDependency */,
			);
			name = EssentialFeedTests;
			productName = EssentialFeedTests;
			productReference = A5584D4927703AD3009C5890 /* EssentialFeedTests.xctest */;
			productType = "com.apple.product-type.bundle.unit-test";
		};
		A5AB1D17288E9073001EECA8 /* EssentialFeedAPIEndToEndTests */ = {
			isa = PBXNativeTarget;
			buildConfigurationList = A5AB1D1F288E9073001EECA8 /* Build configuration list for PBXNativeTarget "EssentialFeedAPIEndToEndTests" */;
			buildPhases = (
				A5AB1D14288E9073001EECA8 /* Sources */,
				A5AB1D15288E9073001EECA8 /* Frameworks */,
				A5AB1D16288E9073001EECA8 /* Resources */,
			);
			buildRules = (
			);
			dependencies = (
				A5AB1D1E288E9073001EECA8 /* PBXTargetDependency */,
			);
			name = EssentialFeedAPIEndToEndTests;
			productName = EssentialFeedAPIEndToEndTests;
			productReference = A5AB1D18288E9073001EECA8 /* EssentialFeedAPIEndToEndTests.xctest */;
			productType = "com.apple.product-type.bundle.unit-test";
		};
/* End PBXNativeTarget section */

/* Begin PBXProject section */
		A5584D3727703AD3009C5890 /* Project object */ = {
			isa = PBXProject;
			attributes = {
				LastSwiftUpdateCheck = 1330;
				LastUpgradeCheck = 1230;
				TargetAttributes = {
					A54B462728ACD0E5002F2EB7 = {
						CreatedOnToolsVersion = 13.3.1;
					};
					A54B465F28AF6D92002F2EB7 = {
						CreatedOnToolsVersion = 13.3.1;
					};
					A54B466828AF6D93002F2EB7 = {
						CreatedOnToolsVersion = 13.3.1;
						LastSwiftMigration = 1330;
					};
					A5584D3F27703AD3009C5890 = {
						CreatedOnToolsVersion = 12.3;
						LastSwiftMigration = 1230;
					};
					A5584D4827703AD3009C5890 = {
						CreatedOnToolsVersion = 12.3;
					};
					A5AB1D17288E9073001EECA8 = {
						CreatedOnToolsVersion = 13.3.1;
					};
				};
			};
			buildConfigurationList = A5584D3A27703AD3009C5890 /* Build configuration list for PBXProject "EssentialFeed" */;
			compatibilityVersion = "Xcode 9.3";
			developmentRegion = en;
			hasScannedForEncodings = 0;
			knownRegions = (
				en,
				"pt-BR",
				el,
			);
			mainGroup = A5584D3627703AD3009C5890;
			productRefGroup = A5584D4127703AD3009C5890 /* Products */;
			projectDirPath = "";
			projectRoot = "";
			targets = (
				A5584D3F27703AD3009C5890 /* EssentialFeed */,
				A5584D4827703AD3009C5890 /* EssentialFeedTests */,
				A5AB1D17288E9073001EECA8 /* EssentialFeedAPIEndToEndTests */,
				A54B462728ACD0E5002F2EB7 /* EssentialFeedCacheIntegrationTests */,
				A54B465F28AF6D92002F2EB7 /* EssentialFeediOS */,
				A54B466828AF6D93002F2EB7 /* EssentialFeediOSTests */,
			);
		};
/* End PBXProject section */

/* Begin PBXResourcesBuildPhase section */
		A54B462628ACD0E5002F2EB7 /* Resources */ = {
			isa = PBXResourcesBuildPhase;
			buildActionMask = 2147483647;
			files = (
			);
			runOnlyForDeploymentPostprocessing = 0;
		};
		A54B465E28AF6D92002F2EB7 /* Resources */ = {
			isa = PBXResourcesBuildPhase;
			buildActionMask = 2147483647;
			files = (
				A54B46B828B76EEA002F2EB7 /* Feed.storyboard in Resources */,
				A54B46BA28B76F94002F2EB7 /* Feed.xcassets in Resources */,
			);
			runOnlyForDeploymentPostprocessing = 0;
		};
		A54B466728AF6D93002F2EB7 /* Resources */ = {
			isa = PBXResourcesBuildPhase;
			buildActionMask = 2147483647;
			files = (
			);
			runOnlyForDeploymentPostprocessing = 0;
		};
		A5584D3E27703AD3009C5890 /* Resources */ = {
			isa = PBXResourcesBuildPhase;
			buildActionMask = 2147483647;
			files = (
				A5515BDA28BDEFBB00F96CA3 /* Feed.strings in Resources */,
			);
			runOnlyForDeploymentPostprocessing = 0;
		};
		A5584D4727703AD3009C5890 /* Resources */ = {
			isa = PBXResourcesBuildPhase;
			buildActionMask = 2147483647;
			files = (
			);
			runOnlyForDeploymentPostprocessing = 0;
		};
		A5AB1D16288E9073001EECA8 /* Resources */ = {
			isa = PBXResourcesBuildPhase;
			buildActionMask = 2147483647;
			files = (
			);
			runOnlyForDeploymentPostprocessing = 0;
		};
/* End PBXResourcesBuildPhase section */

/* Begin PBXSourcesBuildPhase section */
		A54B462428ACD0E5002F2EB7 /* Sources */ = {
			isa = PBXSourcesBuildPhase;
			buildActionMask = 2147483647;
			files = (
				A54B463428ACD520002F2EB7 /* SharedTestHelpers.swift in Sources */,
				A54B462B28ACD0E5002F2EB7 /* EssentialFeedCacheIntegrationTests.swift in Sources */,
				A54B463328ACD4D7002F2EB7 /* FeedCacheTestHelpers.swift in Sources */,
				A54B463228ACD33F002F2EB7 /* XCTestCase+MemoryLeakTracking.swift in Sources */,
			);
			runOnlyForDeploymentPostprocessing = 0;
		};
		A54B465C28AF6D92002F2EB7 /* Sources */ = {
			isa = PBXSourcesBuildPhase;
			buildActionMask = 2147483647;
			files = (
				A54B46EF28B8CC09002F2EB7 /* MainQueueDispatchDecorator.swift in Sources */,
				A54B46F128B8CC4A002F2EB7 /* WeakRefVirtualProxy.swift in Sources */,
				A54B46BE28B77D12002F2EB7 /* UIImageView+Animations.swift in Sources */,
				A54B46A928B4DCC0002F2EB7 /* FeedUIComposer.swift in Sources */,
				A54B468128AF846D002F2EB7 /* FeedViewController.swift in Sources */,
				A54B46BC28B77BAD002F2EB7 /* UITableView+Dequeueing.swift in Sources */,
				A54B46F528B8CCD4002F2EB7 /* FeedLoaderPresentationAdapter.swift in Sources */,
				A54B46F728B8CD05002F2EB7 /* FeedViewAdapter.swift in Sources */,
				A5515BCB28BDB93F00F96CA3 /* UIRefreshControl+Helpers.swift in Sources */,
				A54B46A628B4D9A0002F2EB7 /* FeedImageCellController.swift in Sources */,
				A5515BC628BDB3F900F96CA3 /* ErrorView.swift in Sources */,
				A54B46F328B8CC9F002F2EB7 /* FeedImageDataLoaderPresentationAdapter.swift in Sources */,
				A54B468528B387B7002F2EB7 /* UIView+Shimmering.swift in Sources */,
				A54B468328B377C6002F2EB7 /* FeedImageCell.swift in Sources */,
				A54B466428AF6D92002F2EB7 /* EssentialFeediOS.docc in Sources */,
			);
			runOnlyForDeploymentPostprocessing = 0;
		};
		A54B466528AF6D93002F2EB7 /* Sources */ = {
			isa = PBXSourcesBuildPhase;
			buildActionMask = 2147483647;
			files = (
				A54B467828AF7768002F2EB7 /* FeedUIIntegrationTests.swift in Sources */,
				A54B469928B4CF11002F2EB7 /* FeedViewControllerTests+Assertions.swift in Sources */,
				A54B468C28B4CC34002F2EB7 /* UIButton+TestHelpers.swift in Sources */,
				A54B468A28B4CC00002F2EB7 /* UIRefreshControl+TestHelpers.swift in Sources */,
				A54B468E28B4CC73002F2EB7 /* UIControl+TestHelpers.swift in Sources */,
				A54B469728B4CE6A002F2EB7 /* FeedViewControllerTests+LoaderSpy.swift in Sources */,
				A54B469328B4CDB6002F2EB7 /* FeedViewController+TestHelpers.swift in Sources */,
				A54B467F28AF7A84002F2EB7 /* XCTestCase+MemoryLeakTracking.swift in Sources */,
				A54B468828B4CBA4002F2EB7 /* UIImage+TestHelpers.swift in Sources */,
				A54B469528B4CE1A002F2EB7 /* FeedImageCell+TestHelpers.swift in Sources */,
				A54B46E228B8B314002F2EB7 /* FeedViewControllerTests+Localization.swift in Sources */,
			);
			runOnlyForDeploymentPostprocessing = 0;
		};
		A5584D3C27703AD3009C5890 /* Sources */ = {
			isa = PBXSourcesBuildPhase;
			buildActionMask = 2147483647;
			files = (
				A54B461F28AB88D0002F2EB7 /* CoreDataHelpers.swift in Sources */,
				A538ED632779AC3B0060B9BE /* FeedItemsMapper.swift in Sources */,
				A5584D6127703C60009C5890 /* FeedLoader.swift in Sources */,
				A5FE0FB1289BAF6100C91E74 /* RemoteFeedItem.swift in Sources */,
				A5515BE728BDF84900F96CA3 /* FeedImageViewModel.swift in Sources */,
				A56EE59128A3A96500C8103D /* FeedCachePolicy.swift in Sources */,
				A5515C3328BF61B000F96CA3 /* RemoteFeedImageDataLoader.swift in Sources */,
				A54B462128AB8921002F2EB7 /* ManagedCache.swift in Sources */,
				A564CC98277078A100AB0FD1 /* RemoteFeedLoader.swift in Sources */,
				A59668DE28AB4E5500877410 /* FeedStore.xcdatamodeld in Sources */,
				A5515C4928C0691F00F96CA3 /* CoreDataFeedStore+FeedStore.swift in Sources */,
				A5515BDC28BDF01F00F96CA3 /* FeedViewModel.swift in Sources */,
				A5FE0FB3289BAFAB00C91E74 /* LocalFeedImage.swift in Sources */,
				A5FE0FAF289B740B00C91E74 /* FeedStore.swift in Sources */,
				A5FE0FAD289B72E300C91E74 /* LocalFeedLoader.swift in Sources */,
				A538ED5F2779ABD40060B9BE /* HTTPClient.swift in Sources */,
				A5515C3C28C05A9D00F96CA3 /* FeedImageDataStore.swift in Sources */,
				A5515BD928BDEF2F00F96CA3 /* FeedPresenter.swift in Sources */,
				A5584D5D27703AFA009C5890 /* FeedItem.swift in Sources */,
				A5515C3628BF653200F96CA3 /* HTTPURLResponse+StatusCode.swift in Sources */,
				A5AB1D13288AA2D7001EECA8 /* URLSessionHTTPClient.swift in Sources */,
				A59668DB28AB4D1300877410 /* CoreDataFeedStore.swift in Sources */,
				A5515BE028BDF09900F96CA3 /* FeedErrorViewModel.swift in Sources */,
				A5515C2C28BF4A1900F96CA3 /* FeedImageDataLoader.swift in Sources */,
				A5515BDE28BDF06F00F96CA3 /* FeedLoadingViewModel.swift in Sources */,
				A5515C3E28C05ABA00F96CA3 /* LocalFeedImageDataLoader.swift in Sources */,
				A5515C4728C065F300F96CA3 /* CoreDataFeedStore+FeedImageDataLoader.swift in Sources */,
				A5515BE528BDF7D900F96CA3 /* FeedImagePresenter.swift in Sources */,
				A5515CA228C206CF00F96CA3 /* FeedCache.swift in Sources */,
				A54B462328AB8941002F2EB7 /* ManagedFeedImage.swift in Sources */,
			);
			runOnlyForDeploymentPostprocessing = 0;
		};
		A5584D4527703AD3009C5890 /* Sources */ = {
			isa = PBXSourcesBuildPhase;
			buildActionMask = 2147483647;
			files = (
				A50DDD5628A24A3100E05DA8 /* FeedCacheTestHelpers.swift in Sources */,
				A5515C3828BF65D200F96CA3 /* URLProtocolStub.swift in Sources */,
				A50DDD5428A2467900E05DA8 /* ValidateFeedCacheUseCaseTests.swift in Sources */,
				A5515BCF28BDBE1800F96CA3 /* FeedPresenterTests.swift in Sources */,
				A5515C2E28BF4AA900F96CA3 /* LoadFeedImageDataFromRemoteUseCaseTests.swift in Sources */,
				A564CC752770594B00AB0FD1 /* LoadFeedFromRemoteUseCaseTests.swift in Sources */,
				A5515BE328BDF2D200F96CA3 /* FeedImagePresenterTests.swift in Sources */,
				A59668D428AA4A3F00877410 /* XCTestCase+FailableInsertFeedStoreSpecs.swift in Sources */,
				A5515C4228C05F7000F96CA3 /* CacheFeedImageDataUseCaseTests.swift in Sources */,
				A5515BE128BDF20D00F96CA3 /* FeedLocalizationTests.swift in Sources */,
				A57474782886A5A300CEE656 /* URLSessionHTTPClientTests.swift in Sources */,
				A5515C3A28C0554F00F96CA3 /* LoadFeedImageDataFromCacheUseCaseTests.swift in Sources */,
				A5515C3128BF615600F96CA3 /* HTTPClientSpy.swift in Sources */,
				A5FE0FB8289CEFC400C91E74 /* FeedStoreSpy.swift in Sources */,
				A50DDD5828A24ACF00E05DA8 /* SharedTestHelpers.swift in Sources */,
				A5FE0FAA289A696A00C91E74 /* CacheFeedUseCaseTests.swift in Sources */,
				A5515C4028C05EF200F96CA3 /* FeedImageDataStoreSpy.swift in Sources */,
				A5515C4428C061E200F96CA3 /* CoreDataFeedImageDataStoreTests.swift in Sources */,
				A59668D628AA4A9500877410 /* XCTestCase+FailableDeleteFeedStoreSpecs.swift in Sources */,
				A59668D228AA49CA00877410 /* XCTestCase+FailableRetrieveFeedStoreSpecs.swift in Sources */,
				A5FE0FB5289CEE9E00C91E74 /* LoadFeedFromCacheUseCaseTests.swift in Sources */,
				A59668CE28AA44A000877410 /* FeedStoreSpecs.swift in Sources */,
				A5AB1D11288A9150001EECA8 /* XCTestCase+MemoryLeakTracking.swift in Sources */,
				A54B461A28AB85B5002F2EB7 /* CoreDataFeedStoreTests.swift in Sources */,
				A59668D028AA451800877410 /* XCTestCase+FeedStoreSpecs.swift in Sources */,
			);
			runOnlyForDeploymentPostprocessing = 0;
		};
		A5AB1D14288E9073001EECA8 /* Sources */ = {
			isa = PBXSourcesBuildPhase;
			buildActionMask = 2147483647;
			files = (
				A5AB1D1B288E9073001EECA8 /* EssentialFeedAPIEndToEndTests.swift in Sources */,
				A5AB1D22288E96BD001EECA8 /* XCTestCase+MemoryLeakTracking.swift in Sources */,
			);
			runOnlyForDeploymentPostprocessing = 0;
		};
/* End PBXSourcesBuildPhase section */

/* Begin PBXTargetDependency section */
		A54B462E28ACD0E5002F2EB7 /* PBXTargetDependency */ = {
			isa = PBXTargetDependency;
			target = A5584D3F27703AD3009C5890 /* EssentialFeed */;
			targetProxy = A54B462D28ACD0E5002F2EB7 /* PBXContainerItemProxy */;
		};
		A54B466C28AF6D93002F2EB7 /* PBXTargetDependency */ = {
			isa = PBXTargetDependency;
			target = A54B465F28AF6D92002F2EB7 /* EssentialFeediOS */;
			targetProxy = A54B466B28AF6D93002F2EB7 /* PBXContainerItemProxy */;
		};
		A54B467D28AF7967002F2EB7 /* PBXTargetDependency */ = {
			isa = PBXTargetDependency;
			target = A5584D3F27703AD3009C5890 /* EssentialFeed */;
			targetProxy = A54B467C28AF7967002F2EB7 /* PBXContainerItemProxy */;
		};
		A5584D4C27703AD3009C5890 /* PBXTargetDependency */ = {
			isa = PBXTargetDependency;
			target = A5584D3F27703AD3009C5890 /* EssentialFeed */;
			targetProxy = A5584D4B27703AD3009C5890 /* PBXContainerItemProxy */;
		};
		A5AB1D1E288E9073001EECA8 /* PBXTargetDependency */ = {
			isa = PBXTargetDependency;
			target = A5584D3F27703AD3009C5890 /* EssentialFeed */;
			targetProxy = A5AB1D1D288E9073001EECA8 /* PBXContainerItemProxy */;
		};
/* End PBXTargetDependency section */

/* Begin PBXVariantGroup section */
		A5515BD428BDED4E00F96CA3 /* Feed.strings */ = {
			isa = PBXVariantGroup;
			children = (
				A5515BD328BDED4E00F96CA3 /* en */,
				A5515BD528BDED5000F96CA3 /* el */,
				A5515BD628BDED5200F96CA3 /* pt-BR */,
			);
			name = Feed.strings;
			sourceTree = "<group>";
		};
/* End PBXVariantGroup section */

/* Begin XCBuildConfiguration section */
		A54B463028ACD0E5002F2EB7 /* Debug */ = {
			isa = XCBuildConfiguration;
			buildSettings = {
				CLANG_CXX_LANGUAGE_STANDARD = "gnu++17";
				CODE_SIGN_STYLE = Automatic;
				CURRENT_PROJECT_VERSION = 1;
				DEVELOPMENT_TEAM = S3LYL5L2BR;
				GENERATE_INFOPLIST_FILE = YES;
				MACOSX_DEPLOYMENT_TARGET = 12.2;
				MARKETING_VERSION = 1.0;
				PRODUCT_BUNDLE_IDENTIFIER = com.alexchen.EssentialFeedCacheIntegrationTests;
				PRODUCT_NAME = "$(TARGET_NAME)";
				SUPPORTED_PLATFORMS = "macosx iphonesimulator iphoneos";
				SWIFT_EMIT_LOC_STRINGS = NO;
				SWIFT_VERSION = 5.0;
			};
			name = Debug;
		};
		A54B463128ACD0E5002F2EB7 /* Release */ = {
			isa = XCBuildConfiguration;
			buildSettings = {
				CLANG_CXX_LANGUAGE_STANDARD = "gnu++17";
				CODE_SIGN_STYLE = Automatic;
				CURRENT_PROJECT_VERSION = 1;
				DEVELOPMENT_TEAM = S3LYL5L2BR;
				GENERATE_INFOPLIST_FILE = YES;
				MACOSX_DEPLOYMENT_TARGET = 12.2;
				MARKETING_VERSION = 1.0;
				PRODUCT_BUNDLE_IDENTIFIER = com.alexchen.EssentialFeedCacheIntegrationTests;
				PRODUCT_NAME = "$(TARGET_NAME)";
				SUPPORTED_PLATFORMS = "macosx iphonesimulator iphoneos";
				SWIFT_EMIT_LOC_STRINGS = NO;
				SWIFT_VERSION = 5.0;
			};
			name = Release;
		};
		A54B467228AF6D93002F2EB7 /* Debug */ = {
			isa = XCBuildConfiguration;
			buildSettings = {
				CLANG_CXX_LANGUAGE_STANDARD = "gnu++17";
				CODE_SIGN_STYLE = Automatic;
				CURRENT_PROJECT_VERSION = 1;
				DEFINES_MODULE = YES;
				DEVELOPMENT_TEAM = S3LYL5L2BR;
				DYLIB_COMPATIBILITY_VERSION = 1;
				DYLIB_CURRENT_VERSION = 1;
				DYLIB_INSTALL_NAME_BASE = "@rpath";
				GENERATE_INFOPLIST_FILE = YES;
				INFOPLIST_KEY_NSHumanReadableCopyright = "";
				INSTALL_PATH = "$(LOCAL_LIBRARY_DIR)/Frameworks";
				IPHONEOS_DEPLOYMENT_TARGET = 15.4;
				LD_RUNPATH_SEARCH_PATHS = (
					"$(inherited)",
					"@executable_path/Frameworks",
					"@loader_path/Frameworks",
				);
				MARKETING_VERSION = 1.0;
				PRODUCT_BUNDLE_IDENTIFIER = com.alexchen.EssentialFeediOS;
				PRODUCT_NAME = "$(TARGET_NAME:c99extidentifier)";
				SDKROOT = iphoneos;
				SKIP_INSTALL = YES;
				SWIFT_EMIT_LOC_STRINGS = YES;
				SWIFT_VERSION = 5.0;
				TARGETED_DEVICE_FAMILY = "1,2";
			};
			name = Debug;
		};
		A54B467328AF6D93002F2EB7 /* Release */ = {
			isa = XCBuildConfiguration;
			buildSettings = {
				CLANG_CXX_LANGUAGE_STANDARD = "gnu++17";
				CODE_SIGN_STYLE = Automatic;
				CURRENT_PROJECT_VERSION = 1;
				DEFINES_MODULE = YES;
				DEVELOPMENT_TEAM = S3LYL5L2BR;
				DYLIB_COMPATIBILITY_VERSION = 1;
				DYLIB_CURRENT_VERSION = 1;
				DYLIB_INSTALL_NAME_BASE = "@rpath";
				GENERATE_INFOPLIST_FILE = YES;
				INFOPLIST_KEY_NSHumanReadableCopyright = "";
				INSTALL_PATH = "$(LOCAL_LIBRARY_DIR)/Frameworks";
				IPHONEOS_DEPLOYMENT_TARGET = 15.4;
				LD_RUNPATH_SEARCH_PATHS = (
					"$(inherited)",
					"@executable_path/Frameworks",
					"@loader_path/Frameworks",
				);
				MARKETING_VERSION = 1.0;
				PRODUCT_BUNDLE_IDENTIFIER = com.alexchen.EssentialFeediOS;
				PRODUCT_NAME = "$(TARGET_NAME:c99extidentifier)";
				SDKROOT = iphoneos;
				SKIP_INSTALL = YES;
				SWIFT_EMIT_LOC_STRINGS = YES;
				SWIFT_VERSION = 5.0;
				TARGETED_DEVICE_FAMILY = "1,2";
				VALIDATE_PRODUCT = YES;
			};
			name = Release;
		};
		A54B467528AF6D93002F2EB7 /* Debug */ = {
			isa = XCBuildConfiguration;
			buildSettings = {
				ALWAYS_EMBED_SWIFT_STANDARD_LIBRARIES = YES;
				CLANG_CXX_LANGUAGE_STANDARD = "gnu++17";
				CLANG_ENABLE_MODULES = YES;
				CODE_SIGN_STYLE = Automatic;
				CURRENT_PROJECT_VERSION = 1;
				DEVELOPMENT_TEAM = S3LYL5L2BR;
				GENERATE_INFOPLIST_FILE = YES;
				IPHONEOS_DEPLOYMENT_TARGET = 15.4;
				LD_RUNPATH_SEARCH_PATHS = (
					"$(inherited)",
					"@executable_path/Frameworks",
					"@loader_path/Frameworks",
				);
				MARKETING_VERSION = 1.0;
				PRODUCT_BUNDLE_IDENTIFIER = com.alexchen.EssentialFeediOSTests;
				PRODUCT_NAME = "$(TARGET_NAME)";
				SDKROOT = iphoneos;
				SWIFT_EMIT_LOC_STRINGS = NO;
				SWIFT_OPTIMIZATION_LEVEL = "-Onone";
				SWIFT_VERSION = 5.0;
				TARGETED_DEVICE_FAMILY = "1,2";
			};
			name = Debug;
		};
		A54B467628AF6D93002F2EB7 /* Release */ = {
			isa = XCBuildConfiguration;
			buildSettings = {
				ALWAYS_EMBED_SWIFT_STANDARD_LIBRARIES = YES;
				CLANG_CXX_LANGUAGE_STANDARD = "gnu++17";
				CLANG_ENABLE_MODULES = YES;
				CODE_SIGN_STYLE = Automatic;
				CURRENT_PROJECT_VERSION = 1;
				DEVELOPMENT_TEAM = S3LYL5L2BR;
				GENERATE_INFOPLIST_FILE = YES;
				IPHONEOS_DEPLOYMENT_TARGET = 15.4;
				LD_RUNPATH_SEARCH_PATHS = (
					"$(inherited)",
					"@executable_path/Frameworks",
					"@loader_path/Frameworks",
				);
				MARKETING_VERSION = 1.0;
				PRODUCT_BUNDLE_IDENTIFIER = com.alexchen.EssentialFeediOSTests;
				PRODUCT_NAME = "$(TARGET_NAME)";
				SDKROOT = iphoneos;
				SWIFT_EMIT_LOC_STRINGS = NO;
				SWIFT_VERSION = 5.0;
				TARGETED_DEVICE_FAMILY = "1,2";
				VALIDATE_PRODUCT = YES;
			};
			name = Release;
		};
		A5584D5227703AD3009C5890 /* Debug */ = {
			isa = XCBuildConfiguration;
			buildSettings = {
				ALWAYS_SEARCH_USER_PATHS = NO;
				CLANG_ANALYZER_LOCALIZABILITY_NONLOCALIZED = YES;
				CLANG_ANALYZER_NONNULL = YES;
				CLANG_ANALYZER_NUMBER_OBJECT_CONVERSION = YES_AGGRESSIVE;
				CLANG_CXX_LANGUAGE_STANDARD = "gnu++14";
				CLANG_CXX_LIBRARY = "libc++";
				CLANG_ENABLE_MODULES = YES;
				CLANG_ENABLE_OBJC_ARC = YES;
				CLANG_ENABLE_OBJC_WEAK = YES;
				CLANG_WARN_BLOCK_CAPTURE_AUTORELEASING = YES;
				CLANG_WARN_BOOL_CONVERSION = YES;
				CLANG_WARN_COMMA = YES;
				CLANG_WARN_CONSTANT_CONVERSION = YES;
				CLANG_WARN_DEPRECATED_OBJC_IMPLEMENTATIONS = YES;
				CLANG_WARN_DIRECT_OBJC_ISA_USAGE = YES_ERROR;
				CLANG_WARN_DOCUMENTATION_COMMENTS = YES;
				CLANG_WARN_EMPTY_BODY = YES;
				CLANG_WARN_ENUM_CONVERSION = YES;
				CLANG_WARN_INFINITE_RECURSION = YES;
				CLANG_WARN_INT_CONVERSION = YES;
				CLANG_WARN_NON_LITERAL_NULL_CONVERSION = YES;
				CLANG_WARN_OBJC_IMPLICIT_RETAIN_SELF = YES;
				CLANG_WARN_OBJC_LITERAL_CONVERSION = YES;
				CLANG_WARN_OBJC_ROOT_CLASS = YES_ERROR;
				CLANG_WARN_QUOTED_INCLUDE_IN_FRAMEWORK_HEADER = YES;
				CLANG_WARN_RANGE_LOOP_ANALYSIS = YES;
				CLANG_WARN_STRICT_PROTOTYPES = YES;
				CLANG_WARN_SUSPICIOUS_MOVE = YES;
				CLANG_WARN_UNGUARDED_AVAILABILITY = YES_AGGRESSIVE;
				CLANG_WARN_UNREACHABLE_CODE = YES;
				CLANG_WARN__DUPLICATE_METHOD_MATCH = YES;
				COPY_PHASE_STRIP = NO;
				CURRENT_PROJECT_VERSION = 1;
				DEBUG_INFORMATION_FORMAT = dwarf;
				ENABLE_STRICT_OBJC_MSGSEND = YES;
				ENABLE_TESTABILITY = YES;
				GCC_C_LANGUAGE_STANDARD = gnu11;
				GCC_DYNAMIC_NO_PIC = NO;
				GCC_NO_COMMON_BLOCKS = YES;
				GCC_OPTIMIZATION_LEVEL = 0;
				GCC_PREPROCESSOR_DEFINITIONS = (
					"DEBUG=1",
					"$(inherited)",
				);
				GCC_WARN_64_TO_32_BIT_CONVERSION = YES;
				GCC_WARN_ABOUT_RETURN_TYPE = YES_ERROR;
				GCC_WARN_UNDECLARED_SELECTOR = YES;
				GCC_WARN_UNINITIALIZED_AUTOS = YES_AGGRESSIVE;
				GCC_WARN_UNUSED_FUNCTION = YES;
				GCC_WARN_UNUSED_VARIABLE = YES;
				MACOSX_DEPLOYMENT_TARGET = 10.15;
				MTL_ENABLE_DEBUG_INFO = INCLUDE_SOURCE;
				MTL_FAST_MATH = YES;
				ONLY_ACTIVE_ARCH = YES;
				SDKROOT = macosx;
				SWIFT_ACTIVE_COMPILATION_CONDITIONS = DEBUG;
				SWIFT_OPTIMIZATION_LEVEL = "-Onone";
				VERSIONING_SYSTEM = "apple-generic";
				VERSION_INFO_PREFIX = "";
			};
			name = Debug;
		};
		A5584D5327703AD3009C5890 /* Release */ = {
			isa = XCBuildConfiguration;
			buildSettings = {
				ALWAYS_SEARCH_USER_PATHS = NO;
				CLANG_ANALYZER_LOCALIZABILITY_NONLOCALIZED = YES;
				CLANG_ANALYZER_NONNULL = YES;
				CLANG_ANALYZER_NUMBER_OBJECT_CONVERSION = YES_AGGRESSIVE;
				CLANG_CXX_LANGUAGE_STANDARD = "gnu++14";
				CLANG_CXX_LIBRARY = "libc++";
				CLANG_ENABLE_MODULES = YES;
				CLANG_ENABLE_OBJC_ARC = YES;
				CLANG_ENABLE_OBJC_WEAK = YES;
				CLANG_WARN_BLOCK_CAPTURE_AUTORELEASING = YES;
				CLANG_WARN_BOOL_CONVERSION = YES;
				CLANG_WARN_COMMA = YES;
				CLANG_WARN_CONSTANT_CONVERSION = YES;
				CLANG_WARN_DEPRECATED_OBJC_IMPLEMENTATIONS = YES;
				CLANG_WARN_DIRECT_OBJC_ISA_USAGE = YES_ERROR;
				CLANG_WARN_DOCUMENTATION_COMMENTS = YES;
				CLANG_WARN_EMPTY_BODY = YES;
				CLANG_WARN_ENUM_CONVERSION = YES;
				CLANG_WARN_INFINITE_RECURSION = YES;
				CLANG_WARN_INT_CONVERSION = YES;
				CLANG_WARN_NON_LITERAL_NULL_CONVERSION = YES;
				CLANG_WARN_OBJC_IMPLICIT_RETAIN_SELF = YES;
				CLANG_WARN_OBJC_LITERAL_CONVERSION = YES;
				CLANG_WARN_OBJC_ROOT_CLASS = YES_ERROR;
				CLANG_WARN_QUOTED_INCLUDE_IN_FRAMEWORK_HEADER = YES;
				CLANG_WARN_RANGE_LOOP_ANALYSIS = YES;
				CLANG_WARN_STRICT_PROTOTYPES = YES;
				CLANG_WARN_SUSPICIOUS_MOVE = YES;
				CLANG_WARN_UNGUARDED_AVAILABILITY = YES_AGGRESSIVE;
				CLANG_WARN_UNREACHABLE_CODE = YES;
				CLANG_WARN__DUPLICATE_METHOD_MATCH = YES;
				COPY_PHASE_STRIP = NO;
				CURRENT_PROJECT_VERSION = 1;
				DEBUG_INFORMATION_FORMAT = "dwarf-with-dsym";
				ENABLE_NS_ASSERTIONS = NO;
				ENABLE_STRICT_OBJC_MSGSEND = YES;
				GCC_C_LANGUAGE_STANDARD = gnu11;
				GCC_NO_COMMON_BLOCKS = YES;
				GCC_WARN_64_TO_32_BIT_CONVERSION = YES;
				GCC_WARN_ABOUT_RETURN_TYPE = YES_ERROR;
				GCC_WARN_UNDECLARED_SELECTOR = YES;
				GCC_WARN_UNINITIALIZED_AUTOS = YES_AGGRESSIVE;
				GCC_WARN_UNUSED_FUNCTION = YES;
				GCC_WARN_UNUSED_VARIABLE = YES;
				MACOSX_DEPLOYMENT_TARGET = 10.15;
				MTL_ENABLE_DEBUG_INFO = NO;
				MTL_FAST_MATH = YES;
				SDKROOT = macosx;
				SWIFT_COMPILATION_MODE = wholemodule;
				SWIFT_OPTIMIZATION_LEVEL = "-O";
				VERSIONING_SYSTEM = "apple-generic";
				VERSION_INFO_PREFIX = "";
			};
			name = Release;
		};
		A5584D5527703AD3009C5890 /* Debug */ = {
			isa = XCBuildConfiguration;
			buildSettings = {
				CLANG_ENABLE_MODULES = YES;
				CODE_SIGN_STYLE = Automatic;
				COMBINE_HIDPI_IMAGES = YES;
				DEFINES_MODULE = YES;
				DEVELOPMENT_TEAM = S3LYL5L2BR;
				DYLIB_COMPATIBILITY_VERSION = 1;
				DYLIB_CURRENT_VERSION = 1;
				DYLIB_INSTALL_NAME_BASE = "@rpath";
				INFOPLIST_FILE = EssentialFeed/Info.plist;
				INSTALL_PATH = "$(LOCAL_LIBRARY_DIR)/Frameworks";
				LD_RUNPATH_SEARCH_PATHS = (
					"$(inherited)",
					"@executable_path/../Frameworks",
					"@loader_path/Frameworks",
				);
				PRODUCT_BUNDLE_IDENTIFIER = com.alexchen.EssentialFeed;
				PRODUCT_NAME = "$(TARGET_NAME:c99extidentifier)";
				SKIP_INSTALL = YES;
				SUPPORTED_PLATFORMS = "macosx iphonesimulator iphoneos";
				SWIFT_OPTIMIZATION_LEVEL = "-Onone";
				SWIFT_VERSION = 5.0;
			};
			name = Debug;
		};
		A5584D5627703AD3009C5890 /* Release */ = {
			isa = XCBuildConfiguration;
			buildSettings = {
				CLANG_ENABLE_MODULES = YES;
				CODE_SIGN_STYLE = Automatic;
				COMBINE_HIDPI_IMAGES = YES;
				DEFINES_MODULE = YES;
				DEVELOPMENT_TEAM = S3LYL5L2BR;
				DYLIB_COMPATIBILITY_VERSION = 1;
				DYLIB_CURRENT_VERSION = 1;
				DYLIB_INSTALL_NAME_BASE = "@rpath";
				INFOPLIST_FILE = EssentialFeed/Info.plist;
				INSTALL_PATH = "$(LOCAL_LIBRARY_DIR)/Frameworks";
				LD_RUNPATH_SEARCH_PATHS = (
					"$(inherited)",
					"@executable_path/../Frameworks",
					"@loader_path/Frameworks",
				);
				PRODUCT_BUNDLE_IDENTIFIER = com.alexchen.EssentialFeed;
				PRODUCT_NAME = "$(TARGET_NAME:c99extidentifier)";
				SKIP_INSTALL = YES;
				SUPPORTED_PLATFORMS = "macosx iphonesimulator iphoneos";
				SWIFT_VERSION = 5.0;
			};
			name = Release;
		};
		A5584D5827703AD3009C5890 /* Debug */ = {
			isa = XCBuildConfiguration;
			buildSettings = {
				ALWAYS_EMBED_SWIFT_STANDARD_LIBRARIES = YES;
				CODE_SIGN_STYLE = Automatic;
				COMBINE_HIDPI_IMAGES = YES;
				DEVELOPMENT_TEAM = S3LYL5L2BR;
				INFOPLIST_FILE = EssentialFeedTests/Info.plist;
				LD_RUNPATH_SEARCH_PATHS = (
					"$(inherited)",
					"@executable_path/../Frameworks",
					"@loader_path/../Frameworks",
				);
				PRODUCT_BUNDLE_IDENTIFIER = com.alexchen.EssentialFeedTests;
				PRODUCT_NAME = "$(TARGET_NAME)";
				SUPPORTED_PLATFORMS = "macosx iphonesimulator iphoneos";
				SWIFT_VERSION = 5.0;
			};
			name = Debug;
		};
		A5584D5927703AD3009C5890 /* Release */ = {
			isa = XCBuildConfiguration;
			buildSettings = {
				ALWAYS_EMBED_SWIFT_STANDARD_LIBRARIES = YES;
				CODE_SIGN_STYLE = Automatic;
				COMBINE_HIDPI_IMAGES = YES;
				DEVELOPMENT_TEAM = S3LYL5L2BR;
				INFOPLIST_FILE = EssentialFeedTests/Info.plist;
				LD_RUNPATH_SEARCH_PATHS = (
					"$(inherited)",
					"@executable_path/../Frameworks",
					"@loader_path/../Frameworks",
				);
				PRODUCT_BUNDLE_IDENTIFIER = com.alexchen.EssentialFeedTests;
				PRODUCT_NAME = "$(TARGET_NAME)";
				SUPPORTED_PLATFORMS = "macosx iphonesimulator iphoneos";
				SWIFT_VERSION = 5.0;
			};
			name = Release;
		};
		A5AB1D20288E9073001EECA8 /* Debug */ = {
			isa = XCBuildConfiguration;
			buildSettings = {
				CLANG_CXX_LANGUAGE_STANDARD = "gnu++17";
				CODE_SIGN_STYLE = Automatic;
				CURRENT_PROJECT_VERSION = 1;
				DEVELOPMENT_TEAM = S3LYL5L2BR;
				GENERATE_INFOPLIST_FILE = YES;
				MACOSX_DEPLOYMENT_TARGET = 12.2;
				MARKETING_VERSION = 1.0;
				PRODUCT_BUNDLE_IDENTIFIER = com.alexchen.EssentialFeedAPIEndToEndTests;
				PRODUCT_NAME = "$(TARGET_NAME)";
				SUPPORTED_PLATFORMS = "macosx iphonesimulator iphoneos";
				SWIFT_EMIT_LOC_STRINGS = NO;
				SWIFT_VERSION = 5.0;
			};
			name = Debug;
		};
		A5AB1D21288E9073001EECA8 /* Release */ = {
			isa = XCBuildConfiguration;
			buildSettings = {
				CLANG_CXX_LANGUAGE_STANDARD = "gnu++17";
				CODE_SIGN_STYLE = Automatic;
				CURRENT_PROJECT_VERSION = 1;
				DEVELOPMENT_TEAM = S3LYL5L2BR;
				GENERATE_INFOPLIST_FILE = YES;
				MACOSX_DEPLOYMENT_TARGET = 12.2;
				MARKETING_VERSION = 1.0;
				PRODUCT_BUNDLE_IDENTIFIER = com.alexchen.EssentialFeedAPIEndToEndTests;
				PRODUCT_NAME = "$(TARGET_NAME)";
				SUPPORTED_PLATFORMS = "macosx iphonesimulator iphoneos";
				SWIFT_EMIT_LOC_STRINGS = NO;
				SWIFT_VERSION = 5.0;
			};
			name = Release;
		};
/* End XCBuildConfiguration section */

/* Begin XCConfigurationList section */
		A54B462F28ACD0E5002F2EB7 /* Build configuration list for PBXNativeTarget "EssentialFeedCacheIntegrationTests" */ = {
			isa = XCConfigurationList;
			buildConfigurations = (
				A54B463028ACD0E5002F2EB7 /* Debug */,
				A54B463128ACD0E5002F2EB7 /* Release */,
			);
			defaultConfigurationIsVisible = 0;
			defaultConfigurationName = Release;
		};
		A54B467128AF6D93002F2EB7 /* Build configuration list for PBXNativeTarget "EssentialFeediOS" */ = {
			isa = XCConfigurationList;
			buildConfigurations = (
				A54B467228AF6D93002F2EB7 /* Debug */,
				A54B467328AF6D93002F2EB7 /* Release */,
			);
			defaultConfigurationIsVisible = 0;
			defaultConfigurationName = Release;
		};
		A54B467428AF6D93002F2EB7 /* Build configuration list for PBXNativeTarget "EssentialFeediOSTests" */ = {
			isa = XCConfigurationList;
			buildConfigurations = (
				A54B467528AF6D93002F2EB7 /* Debug */,
				A54B467628AF6D93002F2EB7 /* Release */,
			);
			defaultConfigurationIsVisible = 0;
			defaultConfigurationName = Release;
		};
		A5584D3A27703AD3009C5890 /* Build configuration list for PBXProject "EssentialFeed" */ = {
			isa = XCConfigurationList;
			buildConfigurations = (
				A5584D5227703AD3009C5890 /* Debug */,
				A5584D5327703AD3009C5890 /* Release */,
			);
			defaultConfigurationIsVisible = 0;
			defaultConfigurationName = Release;
		};
		A5584D5427703AD3009C5890 /* Build configuration list for PBXNativeTarget "EssentialFeed" */ = {
			isa = XCConfigurationList;
			buildConfigurations = (
				A5584D5527703AD3009C5890 /* Debug */,
				A5584D5627703AD3009C5890 /* Release */,
			);
			defaultConfigurationIsVisible = 0;
			defaultConfigurationName = Release;
		};
		A5584D5727703AD3009C5890 /* Build configuration list for PBXNativeTarget "EssentialFeedTests" */ = {
			isa = XCConfigurationList;
			buildConfigurations = (
				A5584D5827703AD3009C5890 /* Debug */,
				A5584D5927703AD3009C5890 /* Release */,
			);
			defaultConfigurationIsVisible = 0;
			defaultConfigurationName = Release;
		};
		A5AB1D1F288E9073001EECA8 /* Build configuration list for PBXNativeTarget "EssentialFeedAPIEndToEndTests" */ = {
			isa = XCConfigurationList;
			buildConfigurations = (
				A5AB1D20288E9073001EECA8 /* Debug */,
				A5AB1D21288E9073001EECA8 /* Release */,
			);
			defaultConfigurationIsVisible = 0;
			defaultConfigurationName = Release;
		};
/* End XCConfigurationList section */

/* Begin XCVersionGroup section */
		A59668DC28AB4E5500877410 /* FeedStore.xcdatamodeld */ = {
			isa = XCVersionGroup;
			children = (
				A5515C4528C0631000F96CA3 /* FeedStore 2.xcdatamodel */,
				A59668DD28AB4E5500877410 /* FeedStore.xcdatamodel */,
			);
			currentVersion = A5515C4528C0631000F96CA3 /* FeedStore 2.xcdatamodel */;
			path = FeedStore.xcdatamodeld;
			sourceTree = "<group>";
			versionGroupType = wrapper.xcdatamodel;
		};
/* End XCVersionGroup section */
	};
	rootObject = A5584D3727703AD3009C5890 /* Project object */;
}
