// !$*UTF8*$!
{
	archiveVersion = 1;
	classes = {
	};
	objectVersion = 55;
	objects = {

/* Begin PBXBuildFile section */
		A5515C5728C09C0800F96CA3 /* AppDelegate.swift in Sources */ = {isa = PBXBuildFile; fileRef = A5515C5628C09C0800F96CA3 /* AppDelegate.swift */; };
		A5515C5928C09C0800F96CA3 /* SceneDelegate.swift in Sources */ = {isa = PBXBuildFile; fileRef = A5515C5828C09C0800F96CA3 /* SceneDelegate.swift */; };
		A5515C5B28C09C0800F96CA3 /* ViewController.swift in Sources */ = {isa = PBXBuildFile; fileRef = A5515C5A28C09C0800F96CA3 /* ViewController.swift */; };
		A5515C5E28C09C0800F96CA3 /* Main.storyboard in Resources */ = {isa = PBXBuildFile; fileRef = A5515C5C28C09C0800F96CA3 /* Main.storyboard */; };
		A5515C6028C09C0C00F96CA3 /* Assets.xcassets in Resources */ = {isa = PBXBuildFile; fileRef = A5515C5F28C09C0C00F96CA3 /* Assets.xcassets */; };
		A5515C6328C09C0C00F96CA3 /* LaunchScreen.storyboard in Resources */ = {isa = PBXBuildFile; fileRef = A5515C6128C09C0C00F96CA3 /* LaunchScreen.storyboard */; };
		A5515C8928C09E1F00F96CA3 /* EssentialFeed.framework in Frameworks */ = {isa = PBXBuildFile; fileRef = A5515C8728C09E1F00F96CA3 /* EssentialFeed.framework */; };
		A5515C8A28C09E1F00F96CA3 /* EssentialFeed.framework in Embed Frameworks */ = {isa = PBXBuildFile; fileRef = A5515C8728C09E1F00F96CA3 /* EssentialFeed.framework */; settings = {ATTRIBUTES = (CodeSignOnCopy, RemoveHeadersOnCopy, ); }; };
		A5515C8B28C09E1F00F96CA3 /* EssentialFeediOS.framework in Frameworks */ = {isa = PBXBuildFile; fileRef = A5515C8828C09E1F00F96CA3 /* EssentialFeediOS.framework */; };
		A5515C8C28C09E1F00F96CA3 /* EssentialFeediOS.framework in Embed Frameworks */ = {isa = PBXBuildFile; fileRef = A5515C8828C09E1F00F96CA3 /* EssentialFeediOS.framework */; settings = {ATTRIBUTES = (CodeSignOnCopy, RemoveHeadersOnCopy, ); }; };
		A5515C8F28C0B1E200F96CA3 /* FeedLoaderWithFalbackCompositeTests.swift in Sources */ = {isa = PBXBuildFile; fileRef = A5515C8E28C0B1E200F96CA3 /* FeedLoaderWithFalbackCompositeTests.swift */; };
		A5515C9128C0B64F00F96CA3 /* FeedLoaderWithFallbackComposite.swift in Sources */ = {isa = PBXBuildFile; fileRef = A5515C9028C0B64F00F96CA3 /* FeedLoaderWithFallbackComposite.swift */; };
		A5515C9328C0B6F000F96CA3 /* FeedImageDataLoaderWithFallbackCompositeTests.swift in Sources */ = {isa = PBXBuildFile; fileRef = A5515C9228C0B6F000F96CA3 /* FeedImageDataLoaderWithFallbackCompositeTests.swift */; };
		A5515C9528C1DDEC00F96CA3 /* FeedImageDataLoaderWithFallbackComposite.swift in Sources */ = {isa = PBXBuildFile; fileRef = A5515C9428C1DDEC00F96CA3 /* FeedImageDataLoaderWithFallbackComposite.swift */; };
		A5515C9828C1DE7E00F96CA3 /* XCTestCase+MemoryLeakTracking.swift in Sources */ = {isa = PBXBuildFile; fileRef = A5515C9728C1DE7E00F96CA3 /* XCTestCase+MemoryLeakTracking.swift */; };
		A5515C9A28C1DF0200F96CA3 /* SharedTestHelpers.swift in Sources */ = {isa = PBXBuildFile; fileRef = A5515C9928C1DF0200F96CA3 /* SharedTestHelpers.swift */; };
		A5515C9C28C1F78D00F96CA3 /* FeedLoaderCacheDecoratorTests.swift in Sources */ = {isa = PBXBuildFile; fileRef = A5515C9B28C1F78D00F96CA3 /* FeedLoaderCacheDecoratorTests.swift */; };
		A5515C9E28C1FA7E00F96CA3 /* FeedLoaderStub.swift in Sources */ = {isa = PBXBuildFile; fileRef = A5515C9D28C1FA7E00F96CA3 /* FeedLoaderStub.swift */; };
		A5515CA028C1FC1A00F96CA3 /* XCTestCase+FeedLoader.swift in Sources */ = {isa = PBXBuildFile; fileRef = A5515C9F28C1FC1A00F96CA3 /* XCTestCase+FeedLoader.swift */; };
		A5515CA428C2077100F96CA3 /* FeedLoaderCacheDecorator.swift in Sources */ = {isa = PBXBuildFile; fileRef = A5515CA328C2077100F96CA3 /* FeedLoaderCacheDecorator.swift */; };
		A5515CA628C484EC00F96CA3 /* FeedImageDataLoaderCacheDecoratorTests.swift in Sources */ = {isa = PBXBuildFile; fileRef = A5515CA528C484EC00F96CA3 /* FeedImageDataLoaderCacheDecoratorTests.swift */; };
		A5515CA828C486C200F96CA3 /* FeedImageDataLoaderSpy.swift in Sources */ = {isa = PBXBuildFile; fileRef = A5515CA728C486C200F96CA3 /* FeedImageDataLoaderSpy.swift */; };
		A5515CAA28C487C300F96CA3 /* XCTestCase+FeedImageDataLoader.swift in Sources */ = {isa = PBXBuildFile; fileRef = A5515CA928C487C300F96CA3 /* XCTestCase+FeedImageDataLoader.swift */; };
		A5515CAE28C4963A00F96CA3 /* FeedImageDataLoaderCacheDecorator.swift in Sources */ = {isa = PBXBuildFile; fileRef = A5515CAD28C4963A00F96CA3 /* FeedImageDataLoaderCacheDecorator.swift */; };
		A5515CB628C5EF9B00F96CA3 /* EssentialAppUIAcceptanceTests.swift in Sources */ = {isa = PBXBuildFile; fileRef = A5515CB528C5EF9B00F96CA3 /* EssentialAppUIAcceptanceTests.swift */; };
		A5515CB828C5EF9B00F96CA3 /* EssentialAppUIAcceptanceTestsLaunchTests.swift in Sources */ = {isa = PBXBuildFile; fileRef = A5515CB728C5EF9B00F96CA3 /* EssentialAppUIAcceptanceTestsLaunchTests.swift */; };
		A5515CBF28C6F2CA00F96CA3 /* DebuggingSceneDelegate.swift in Sources */ = {isa = PBXBuildFile; fileRef = A5515CBE28C6F2CA00F96CA3 /* DebuggingSceneDelegate.swift */; };
		A5515CC128C7261500F96CA3 /* SceneDelegateTests.swift in Sources */ = {isa = PBXBuildFile; fileRef = A5515CC028C7261500F96CA3 /* SceneDelegateTests.swift */; };
		A5515CD428C729D900F96CA3 /* WeakRefVirtualProxy.swift in Sources */ = {isa = PBXBuildFile; fileRef = A5515CD028C729D800F96CA3 /* WeakRefVirtualProxy.swift */; };
		A5515CD528C729D900F96CA3 /* FeedImageDataLoaderPresentationAdapter.swift in Sources */ = {isa = PBXBuildFile; fileRef = A5515CD328C729D800F96CA3 /* FeedImageDataLoaderPresentationAdapter.swift */; };
		A5515CD628C729D900F96CA3 /* FeedUIComposer.swift in Sources */ = {isa = PBXBuildFile; fileRef = A5515CCE28C729D700F96CA3 /* FeedUIComposer.swift */; };
		A5515CD728C729D900F96CA3 /* FeedLoaderPresentationAdapter.swift in Sources */ = {isa = PBXBuildFile; fileRef = A5515CD128C729D800F96CA3 /* FeedLoaderPresentationAdapter.swift */; };
		A5515CD828C729D900F96CA3 /* FeedViewAdapter.swift in Sources */ = {isa = PBXBuildFile; fileRef = A5515CD228C729D800F96CA3 /* FeedViewAdapter.swift */; };
		A5515CD928C729D900F96CA3 /* MainQueueDispatchDecorator.swift in Sources */ = {isa = PBXBuildFile; fileRef = A5515CCF28C729D800F96CA3 /* MainQueueDispatchDecorator.swift */; };
		A5515CE328C72A2700F96CA3 /* UIControl+TestHelpers.swift in Sources */ = {isa = PBXBuildFile; fileRef = A5515CDA28C72A2400F96CA3 /* UIControl+TestHelpers.swift */; };
		A5515CE428C72A2700F96CA3 /* UIButton+TestHelpers.swift in Sources */ = {isa = PBXBuildFile; fileRef = A5515CE028C72A2600F96CA3 /* UIButton+TestHelpers.swift */; };
		A5515CE528C72A2700F96CA3 /* FeedViewControllerTests+Assertions.swift in Sources */ = {isa = PBXBuildFile; fileRef = A5515CDF28C72A2600F96CA3 /* FeedViewControllerTests+Assertions.swift */; };
		A5515CE628C72A2700F96CA3 /* FeedViewControllerTests+Localization.swift in Sources */ = {isa = PBXBuildFile; fileRef = A5515CDC28C72A2500F96CA3 /* FeedViewControllerTests+Localization.swift */; };
		A5515CE728C72A2700F96CA3 /* UIImage+TestHelpers.swift in Sources */ = {isa = PBXBuildFile; fileRef = A5515CE128C72A2600F96CA3 /* UIImage+TestHelpers.swift */; };
		A5515CE828C72A2700F96CA3 /* FeedViewControllerTests+LoaderSpy.swift in Sources */ = {isa = PBXBuildFile; fileRef = A5515CDB28C72A2500F96CA3 /* FeedViewControllerTests+LoaderSpy.swift */; };
		A5515CE928C72A2700F96CA3 /* UIRefreshControl+TestHelpers.swift in Sources */ = {isa = PBXBuildFile; fileRef = A5515CDE28C72A2500F96CA3 /* UIRefreshControl+TestHelpers.swift */; };
		A5515CEA28C72A2700F96CA3 /* FeedImageCell+TestHelpers.swift in Sources */ = {isa = PBXBuildFile; fileRef = A5515CE228C72A2700F96CA3 /* FeedImageCell+TestHelpers.swift */; };
		A5515CEB28C72A2700F96CA3 /* FeedViewController+TestHelpers.swift in Sources */ = {isa = PBXBuildFile; fileRef = A5515CDD28C72A2500F96CA3 /* FeedViewController+TestHelpers.swift */; };
		A5515CED28C72A4300F96CA3 /* FeedUIIntegrationTests.swift in Sources */ = {isa = PBXBuildFile; fileRef = A5515CEC28C72A4300F96CA3 /* FeedUIIntegrationTests.swift */; };
/* End PBXBuildFile section */

/* Begin PBXContainerItemProxy section */
		A5515C6A28C09C0C00F96CA3 /* PBXContainerItemProxy */ = {
			isa = PBXContainerItemProxy;
			containerPortal = A5515C4B28C09C0800F96CA3 /* Project object */;
			proxyType = 1;
			remoteGlobalIDString = A5515C5228C09C0800F96CA3;
			remoteInfo = EssentialApp;
		};
		A5515CB928C5EF9B00F96CA3 /* PBXContainerItemProxy */ = {
			isa = PBXContainerItemProxy;
			containerPortal = A5515C4B28C09C0800F96CA3 /* Project object */;
			proxyType = 1;
			remoteGlobalIDString = A5515C5228C09C0800F96CA3;
			remoteInfo = EssentialApp;
		};
/* End PBXContainerItemProxy section */

/* Begin PBXCopyFilesBuildPhase section */
		A5515C8D28C09E1F00F96CA3 /* Embed Frameworks */ = {
			isa = PBXCopyFilesBuildPhase;
			buildActionMask = 2147483647;
			dstPath = "";
			dstSubfolderSpec = 10;
			files = (
				A5515C8A28C09E1F00F96CA3 /* EssentialFeed.framework in Embed Frameworks */,
				A5515C8C28C09E1F00F96CA3 /* EssentialFeediOS.framework in Embed Frameworks */,
			);
			name = "Embed Frameworks";
			runOnlyForDeploymentPostprocessing = 0;
		};
/* End PBXCopyFilesBuildPhase section */

/* Begin PBXFileReference section */
		A5515C5328C09C0800F96CA3 /* EssentialApp.app */ = {isa = PBXFileReference; explicitFileType = wrapper.application; includeInIndex = 0; path = EssentialApp.app; sourceTree = BUILT_PRODUCTS_DIR; };
		A5515C5628C09C0800F96CA3 /* AppDelegate.swift */ = {isa = PBXFileReference; lastKnownFileType = sourcecode.swift; path = AppDelegate.swift; sourceTree = "<group>"; };
		A5515C5828C09C0800F96CA3 /* SceneDelegate.swift */ = {isa = PBXFileReference; lastKnownFileType = sourcecode.swift; path = SceneDelegate.swift; sourceTree = "<group>"; };
		A5515C5A28C09C0800F96CA3 /* ViewController.swift */ = {isa = PBXFileReference; lastKnownFileType = sourcecode.swift; path = ViewController.swift; sourceTree = "<group>"; };
		A5515C5D28C09C0800F96CA3 /* Base */ = {isa = PBXFileReference; lastKnownFileType = file.storyboard; name = Base; path = Base.lproj/Main.storyboard; sourceTree = "<group>"; };
		A5515C5F28C09C0C00F96CA3 /* Assets.xcassets */ = {isa = PBXFileReference; lastKnownFileType = folder.assetcatalog; path = Assets.xcassets; sourceTree = "<group>"; };
		A5515C6228C09C0C00F96CA3 /* Base */ = {isa = PBXFileReference; lastKnownFileType = file.storyboard; name = Base; path = Base.lproj/LaunchScreen.storyboard; sourceTree = "<group>"; };
		A5515C6428C09C0C00F96CA3 /* Info.plist */ = {isa = PBXFileReference; lastKnownFileType = text.plist.xml; path = Info.plist; sourceTree = "<group>"; };
		A5515C6928C09C0C00F96CA3 /* EssentialAppTests.xctest */ = {isa = PBXFileReference; explicitFileType = wrapper.cfbundle; includeInIndex = 0; path = EssentialAppTests.xctest; sourceTree = BUILT_PRODUCTS_DIR; };
		A5515C8728C09E1F00F96CA3 /* EssentialFeed.framework */ = {isa = PBXFileReference; explicitFileType = wrapper.framework; path = EssentialFeed.framework; sourceTree = BUILT_PRODUCTS_DIR; };
		A5515C8828C09E1F00F96CA3 /* EssentialFeediOS.framework */ = {isa = PBXFileReference; explicitFileType = wrapper.framework; path = EssentialFeediOS.framework; sourceTree = BUILT_PRODUCTS_DIR; };
		A5515C8E28C0B1E200F96CA3 /* FeedLoaderWithFalbackCompositeTests.swift */ = {isa = PBXFileReference; lastKnownFileType = sourcecode.swift; path = FeedLoaderWithFalbackCompositeTests.swift; sourceTree = "<group>"; };
		A5515C9028C0B64F00F96CA3 /* FeedLoaderWithFallbackComposite.swift */ = {isa = PBXFileReference; lastKnownFileType = sourcecode.swift; path = FeedLoaderWithFallbackComposite.swift; sourceTree = "<group>"; };
		A5515C9228C0B6F000F96CA3 /* FeedImageDataLoaderWithFallbackCompositeTests.swift */ = {isa = PBXFileReference; lastKnownFileType = sourcecode.swift; path = FeedImageDataLoaderWithFallbackCompositeTests.swift; sourceTree = "<group>"; };
		A5515C9428C1DDEC00F96CA3 /* FeedImageDataLoaderWithFallbackComposite.swift */ = {isa = PBXFileReference; lastKnownFileType = sourcecode.swift; path = FeedImageDataLoaderWithFallbackComposite.swift; sourceTree = "<group>"; };
		A5515C9728C1DE7E00F96CA3 /* XCTestCase+MemoryLeakTracking.swift */ = {isa = PBXFileReference; lastKnownFileType = sourcecode.swift; path = "XCTestCase+MemoryLeakTracking.swift"; sourceTree = "<group>"; };
		A5515C9928C1DF0200F96CA3 /* SharedTestHelpers.swift */ = {isa = PBXFileReference; lastKnownFileType = sourcecode.swift; path = SharedTestHelpers.swift; sourceTree = "<group>"; };
		A5515C9B28C1F78D00F96CA3 /* FeedLoaderCacheDecoratorTests.swift */ = {isa = PBXFileReference; lastKnownFileType = sourcecode.swift; path = FeedLoaderCacheDecoratorTests.swift; sourceTree = "<group>"; };
		A5515C9D28C1FA7E00F96CA3 /* FeedLoaderStub.swift */ = {isa = PBXFileReference; lastKnownFileType = sourcecode.swift; path = FeedLoaderStub.swift; sourceTree = "<group>"; };
		A5515C9F28C1FC1A00F96CA3 /* XCTestCase+FeedLoader.swift */ = {isa = PBXFileReference; lastKnownFileType = sourcecode.swift; path = "XCTestCase+FeedLoader.swift"; sourceTree = "<group>"; };
		A5515CA328C2077100F96CA3 /* FeedLoaderCacheDecorator.swift */ = {isa = PBXFileReference; lastKnownFileType = sourcecode.swift; path = FeedLoaderCacheDecorator.swift; sourceTree = "<group>"; };
		A5515CA528C484EC00F96CA3 /* FeedImageDataLoaderCacheDecoratorTests.swift */ = {isa = PBXFileReference; lastKnownFileType = sourcecode.swift; path = FeedImageDataLoaderCacheDecoratorTests.swift; sourceTree = "<group>"; };
		A5515CA728C486C200F96CA3 /* FeedImageDataLoaderSpy.swift */ = {isa = PBXFileReference; lastKnownFileType = sourcecode.swift; path = FeedImageDataLoaderSpy.swift; sourceTree = "<group>"; };
		A5515CA928C487C300F96CA3 /* XCTestCase+FeedImageDataLoader.swift */ = {isa = PBXFileReference; lastKnownFileType = sourcecode.swift; path = "XCTestCase+FeedImageDataLoader.swift"; sourceTree = "<group>"; };
		A5515CAD28C4963A00F96CA3 /* FeedImageDataLoaderCacheDecorator.swift */ = {isa = PBXFileReference; lastKnownFileType = sourcecode.swift; path = FeedImageDataLoaderCacheDecorator.swift; sourceTree = "<group>"; };
		A5515CB328C5EF9B00F96CA3 /* EssentialAppUIAcceptanceTests.xctest */ = {isa = PBXFileReference; explicitFileType = wrapper.cfbundle; includeInIndex = 0; path = EssentialAppUIAcceptanceTests.xctest; sourceTree = BUILT_PRODUCTS_DIR; };
		A5515CB528C5EF9B00F96CA3 /* EssentialAppUIAcceptanceTests.swift */ = {isa = PBXFileReference; lastKnownFileType = sourcecode.swift; path = EssentialAppUIAcceptanceTests.swift; sourceTree = "<group>"; };
		A5515CB728C5EF9B00F96CA3 /* EssentialAppUIAcceptanceTestsLaunchTests.swift */ = {isa = PBXFileReference; lastKnownFileType = sourcecode.swift; path = EssentialAppUIAcceptanceTestsLaunchTests.swift; sourceTree = "<group>"; };
		A5515CBE28C6F2CA00F96CA3 /* DebuggingSceneDelegate.swift */ = {isa = PBXFileReference; lastKnownFileType = sourcecode.swift; path = DebuggingSceneDelegate.swift; sourceTree = "<group>"; };
		A5515CC028C7261500F96CA3 /* SceneDelegateTests.swift */ = {isa = PBXFileReference; lastKnownFileType = sourcecode.swift; path = SceneDelegateTests.swift; sourceTree = "<group>"; };
		A5515CCE28C729D700F96CA3 /* FeedUIComposer.swift */ = {isa = PBXFileReference; lastKnownFileType = sourcecode.swift; path = FeedUIComposer.swift; sourceTree = "<group>"; };
		A5515CCF28C729D800F96CA3 /* MainQueueDispatchDecorator.swift */ = {isa = PBXFileReference; lastKnownFileType = sourcecode.swift; path = MainQueueDispatchDecorator.swift; sourceTree = "<group>"; };
		A5515CD028C729D800F96CA3 /* WeakRefVirtualProxy.swift */ = {isa = PBXFileReference; lastKnownFileType = sourcecode.swift; path = WeakRefVirtualProxy.swift; sourceTree = "<group>"; };
		A5515CD128C729D800F96CA3 /* FeedLoaderPresentationAdapter.swift */ = {isa = PBXFileReference; lastKnownFileType = sourcecode.swift; path = FeedLoaderPresentationAdapter.swift; sourceTree = "<group>"; };
		A5515CD228C729D800F96CA3 /* FeedViewAdapter.swift */ = {isa = PBXFileReference; lastKnownFileType = sourcecode.swift; path = FeedViewAdapter.swift; sourceTree = "<group>"; };
		A5515CD328C729D800F96CA3 /* FeedImageDataLoaderPresentationAdapter.swift */ = {isa = PBXFileReference; lastKnownFileType = sourcecode.swift; path = FeedImageDataLoaderPresentationAdapter.swift; sourceTree = "<group>"; };
		A5515CDA28C72A2400F96CA3 /* UIControl+TestHelpers.swift */ = {isa = PBXFileReference; lastKnownFileType = sourcecode.swift; path = "UIControl+TestHelpers.swift"; sourceTree = "<group>"; };
		A5515CDB28C72A2500F96CA3 /* FeedViewControllerTests+LoaderSpy.swift */ = {isa = PBXFileReference; lastKnownFileType = sourcecode.swift; path = "FeedViewControllerTests+LoaderSpy.swift"; sourceTree = "<group>"; };
		A5515CDC28C72A2500F96CA3 /* FeedViewControllerTests+Localization.swift */ = {isa = PBXFileReference; lastKnownFileType = sourcecode.swift; path = "FeedViewControllerTests+Localization.swift"; sourceTree = "<group>"; };
		A5515CDD28C72A2500F96CA3 /* FeedViewController+TestHelpers.swift */ = {isa = PBXFileReference; lastKnownFileType = sourcecode.swift; path = "FeedViewController+TestHelpers.swift"; sourceTree = "<group>"; };
		A5515CDE28C72A2500F96CA3 /* UIRefreshControl+TestHelpers.swift */ = {isa = PBXFileReference; lastKnownFileType = sourcecode.swift; path = "UIRefreshControl+TestHelpers.swift"; sourceTree = "<group>"; };
		A5515CDF28C72A2600F96CA3 /* FeedViewControllerTests+Assertions.swift */ = {isa = PBXFileReference; lastKnownFileType = sourcecode.swift; path = "FeedViewControllerTests+Assertions.swift"; sourceTree = "<group>"; };
		A5515CE028C72A2600F96CA3 /* UIButton+TestHelpers.swift */ = {isa = PBXFileReference; lastKnownFileType = sourcecode.swift; path = "UIButton+TestHelpers.swift"; sourceTree = "<group>"; };
		A5515CE128C72A2600F96CA3 /* UIImage+TestHelpers.swift */ = {isa = PBXFileReference; lastKnownFileType = sourcecode.swift; path = "UIImage+TestHelpers.swift"; sourceTree = "<group>"; };
		A5515CE228C72A2700F96CA3 /* FeedImageCell+TestHelpers.swift */ = {isa = PBXFileReference; lastKnownFileType = sourcecode.swift; path = "FeedImageCell+TestHelpers.swift"; sourceTree = "<group>"; };
		A5515CEC28C72A4300F96CA3 /* FeedUIIntegrationTests.swift */ = {isa = PBXFileReference; lastKnownFileType = sourcecode.swift; path = FeedUIIntegrationTests.swift; sourceTree = "<group>"; };
/* End PBXFileReference section */

/* Begin PBXFrameworksBuildPhase section */
		A5515C5028C09C0800F96CA3 /* Frameworks */ = {
			isa = PBXFrameworksBuildPhase;
			buildActionMask = 2147483647;
			files = (
				A5515C8928C09E1F00F96CA3 /* EssentialFeed.framework in Frameworks */,
				A5515C8B28C09E1F00F96CA3 /* EssentialFeediOS.framework in Frameworks */,
			);
			runOnlyForDeploymentPostprocessing = 0;
		};
		A5515C6628C09C0C00F96CA3 /* Frameworks */ = {
			isa = PBXFrameworksBuildPhase;
			buildActionMask = 2147483647;
			files = (
			);
			runOnlyForDeploymentPostprocessing = 0;
		};
		A5515CB028C5EF9B00F96CA3 /* Frameworks */ = {
			isa = PBXFrameworksBuildPhase;
			buildActionMask = 2147483647;
			files = (
			);
			runOnlyForDeploymentPostprocessing = 0;
		};
/* End PBXFrameworksBuildPhase section */

/* Begin PBXGroup section */
		A5515C4A28C09C0800F96CA3 = {
			isa = PBXGroup;
			children = (
				A5515C5528C09C0800F96CA3 /* EssentialApp */,
				A5515C6C28C09C0C00F96CA3 /* EssentialAppTests */,
				A5515CB428C5EF9B00F96CA3 /* EssentialAppUIAcceptanceTests */,
				A5515C5428C09C0800F96CA3 /* Products */,
				A5515C8628C09E1F00F96CA3 /* Frameworks */,
			);
			sourceTree = "<group>";
		};
		A5515C5428C09C0800F96CA3 /* Products */ = {
			isa = PBXGroup;
			children = (
				A5515C5328C09C0800F96CA3 /* EssentialApp.app */,
				A5515C6928C09C0C00F96CA3 /* EssentialAppTests.xctest */,
				A5515CB328C5EF9B00F96CA3 /* EssentialAppUIAcceptanceTests.xctest */,
			);
			name = Products;
			sourceTree = "<group>";
		};
		A5515C5528C09C0800F96CA3 /* EssentialApp */ = {
			isa = PBXGroup;
			children = (
				A5515C5628C09C0800F96CA3 /* AppDelegate.swift */,
				A5515C5828C09C0800F96CA3 /* SceneDelegate.swift */,
				A5515CBE28C6F2CA00F96CA3 /* DebuggingSceneDelegate.swift */,
				A5515CCE28C729D700F96CA3 /* FeedUIComposer.swift */,
				A5515CCF28C729D800F96CA3 /* MainQueueDispatchDecorator.swift */,
				A5515CD028C729D800F96CA3 /* WeakRefVirtualProxy.swift */,
				A5515CD328C729D800F96CA3 /* FeedImageDataLoaderPresentationAdapter.swift */,
				A5515CD128C729D800F96CA3 /* FeedLoaderPresentationAdapter.swift */,
				A5515CD228C729D800F96CA3 /* FeedViewAdapter.swift */,
				A5515C9028C0B64F00F96CA3 /* FeedLoaderWithFallbackComposite.swift */,
				A5515C9428C1DDEC00F96CA3 /* FeedImageDataLoaderWithFallbackComposite.swift */,
				A5515CA328C2077100F96CA3 /* FeedLoaderCacheDecorator.swift */,
				A5515CAD28C4963A00F96CA3 /* FeedImageDataLoaderCacheDecorator.swift */,
				A5515C5A28C09C0800F96CA3 /* ViewController.swift */,
				A5515C5C28C09C0800F96CA3 /* Main.storyboard */,
				A5515C5F28C09C0C00F96CA3 /* Assets.xcassets */,
				A5515C6128C09C0C00F96CA3 /* LaunchScreen.storyboard */,
				A5515C6428C09C0C00F96CA3 /* Info.plist */,
			);
			path = EssentialApp;
			sourceTree = "<group>";
		};
		A5515C6C28C09C0C00F96CA3 /* EssentialAppTests */ = {
			isa = PBXGroup;
			children = (
				A5515C9628C1DE6A00F96CA3 /* Helpers */,
				A5515CC028C7261500F96CA3 /* SceneDelegateTests.swift */,
				A5515CEC28C72A4300F96CA3 /* FeedUIIntegrationTests.swift */,
				A5515C8E28C0B1E200F96CA3 /* FeedLoaderWithFalbackCompositeTests.swift */,
				A5515C9B28C1F78D00F96CA3 /* FeedLoaderCacheDecoratorTests.swift */,
				A5515C9228C0B6F000F96CA3 /* FeedImageDataLoaderWithFallbackCompositeTests.swift */,
				A5515CA528C484EC00F96CA3 /* FeedImageDataLoaderCacheDecoratorTests.swift */,
			);
			path = EssentialAppTests;
			sourceTree = "<group>";
		};
		A5515C8628C09E1F00F96CA3 /* Frameworks */ = {
			isa = PBXGroup;
			children = (
				A5515C8728C09E1F00F96CA3 /* EssentialFeed.framework */,
				A5515C8828C09E1F00F96CA3 /* EssentialFeediOS.framework */,
			);
			name = Frameworks;
			sourceTree = "<group>";
		};
		A5515C9628C1DE6A00F96CA3 /* Helpers */ = {
			isa = PBXGroup;
			children = (
				A5515CE128C72A2600F96CA3 /* UIImage+TestHelpers.swift */,
				A5515CDE28C72A2500F96CA3 /* UIRefreshControl+TestHelpers.swift */,
				A5515CE028C72A2600F96CA3 /* UIButton+TestHelpers.swift */,
				A5515CDA28C72A2400F96CA3 /* UIControl+TestHelpers.swift */,
				A5515CDD28C72A2500F96CA3 /* FeedViewController+TestHelpers.swift */,
				A5515CE228C72A2700F96CA3 /* FeedImageCell+TestHelpers.swift */,
				A5515CDB28C72A2500F96CA3 /* FeedViewControllerTests+LoaderSpy.swift */,
				A5515CDF28C72A2600F96CA3 /* FeedViewControllerTests+Assertions.swift */,
				A5515CDC28C72A2500F96CA3 /* FeedViewControllerTests+Localization.swift */,
				A5515C9728C1DE7E00F96CA3 /* XCTestCase+MemoryLeakTracking.swift */,
				A5515C9F28C1FC1A00F96CA3 /* XCTestCase+FeedLoader.swift */,
				A5515C9928C1DF0200F96CA3 /* SharedTestHelpers.swift */,
				A5515C9D28C1FA7E00F96CA3 /* FeedLoaderStub.swift */,
				A5515CA728C486C200F96CA3 /* FeedImageDataLoaderSpy.swift */,
				A5515CA928C487C300F96CA3 /* XCTestCase+FeedImageDataLoader.swift */,
			);
			path = Helpers;
			sourceTree = "<group>";
		};
		A5515CB428C5EF9B00F96CA3 /* EssentialAppUIAcceptanceTests */ = {
			isa = PBXGroup;
			children = (
				A5515CB528C5EF9B00F96CA3 /* EssentialAppUIAcceptanceTests.swift */,
				A5515CB728C5EF9B00F96CA3 /* EssentialAppUIAcceptanceTestsLaunchTests.swift */,
			);
			path = EssentialAppUIAcceptanceTests;
			sourceTree = "<group>";
		};
/* End PBXGroup section */

/* Begin PBXNativeTarget section */
		A5515C5228C09C0800F96CA3 /* EssentialApp */ = {
			isa = PBXNativeTarget;
			buildConfigurationList = A5515C7D28C09C0C00F96CA3 /* Build configuration list for PBXNativeTarget "EssentialApp" */;
			buildPhases = (
				A5515C4F28C09C0800F96CA3 /* Sources */,
				A5515C5028C09C0800F96CA3 /* Frameworks */,
				A5515C5128C09C0800F96CA3 /* Resources */,
				A5515C8D28C09E1F00F96CA3 /* Embed Frameworks */,
			);
			buildRules = (
			);
			dependencies = (
			);
			name = EssentialApp;
			productName = EssentialApp;
			productReference = A5515C5328C09C0800F96CA3 /* EssentialApp.app */;
			productType = "com.apple.product-type.application";
		};
		A5515C6828C09C0C00F96CA3 /* EssentialAppTests */ = {
			isa = PBXNativeTarget;
			buildConfigurationList = A5515C8028C09C0C00F96CA3 /* Build configuration list for PBXNativeTarget "EssentialAppTests" */;
			buildPhases = (
				A5515C6528C09C0C00F96CA3 /* Sources */,
				A5515C6628C09C0C00F96CA3 /* Frameworks */,
				A5515C6728C09C0C00F96CA3 /* Resources */,
			);
			buildRules = (
			);
			dependencies = (
				A5515C6B28C09C0C00F96CA3 /* PBXTargetDependency */,
			);
			name = EssentialAppTests;
			productName = EssentialAppTests;
			productReference = A5515C6928C09C0C00F96CA3 /* EssentialAppTests.xctest */;
			productType = "com.apple.product-type.bundle.unit-test";
		};
		A5515CB228C5EF9B00F96CA3 /* EssentialAppUIAcceptanceTests */ = {
			isa = PBXNativeTarget;
			buildConfigurationList = A5515CBB28C5EF9B00F96CA3 /* Build configuration list for PBXNativeTarget "EssentialAppUIAcceptanceTests" */;
			buildPhases = (
				A5515CAF28C5EF9B00F96CA3 /* Sources */,
				A5515CB028C5EF9B00F96CA3 /* Frameworks */,
				A5515CB128C5EF9B00F96CA3 /* Resources */,
			);
			buildRules = (
			);
			dependencies = (
				A5515CBA28C5EF9B00F96CA3 /* PBXTargetDependency */,
			);
			name = EssentialAppUIAcceptanceTests;
			productName = EssentialAppUIAcceptanceTests;
			productReference = A5515CB328C5EF9B00F96CA3 /* EssentialAppUIAcceptanceTests.xctest */;
			productType = "com.apple.product-type.bundle.ui-testing";
		};
/* End PBXNativeTarget section */

/* Begin PBXProject section */
		A5515C4B28C09C0800F96CA3 /* Project object */ = {
			isa = PBXProject;
			attributes = {
				BuildIndependentTargetsInParallel = 1;
				LastSwiftUpdateCheck = 1330;
				LastUpgradeCheck = 1330;
				TargetAttributes = {
					A5515C5228C09C0800F96CA3 = {
						CreatedOnToolsVersion = 13.3.1;
					};
					A5515C6828C09C0C00F96CA3 = {
						CreatedOnToolsVersion = 13.3.1;
						LastSwiftMigration = 1330;
						TestTargetID = A5515C5228C09C0800F96CA3;
					};
					A5515CB228C5EF9B00F96CA3 = {
						CreatedOnToolsVersion = 13.3.1;
						TestTargetID = A5515C5228C09C0800F96CA3;
					};
				};
			};
			buildConfigurationList = A5515C4E28C09C0800F96CA3 /* Build configuration list for PBXProject "EssentialApp" */;
			compatibilityVersion = "Xcode 13.0";
			developmentRegion = en;
			hasScannedForEncodings = 0;
			knownRegions = (
				en,
				Base,
			);
			mainGroup = A5515C4A28C09C0800F96CA3;
			productRefGroup = A5515C5428C09C0800F96CA3 /* Products */;
			projectDirPath = "";
			projectRoot = "";
			targets = (
				A5515C5228C09C0800F96CA3 /* EssentialApp */,
				A5515C6828C09C0C00F96CA3 /* EssentialAppTests */,
				A5515CB228C5EF9B00F96CA3 /* EssentialAppUIAcceptanceTests */,
			);
		};
/* End PBXProject section */

/* Begin PBXResourcesBuildPhase section */
		A5515C5128C09C0800F96CA3 /* Resources */ = {
			isa = PBXResourcesBuildPhase;
			buildActionMask = 2147483647;
			files = (
				A5515C6328C09C0C00F96CA3 /* LaunchScreen.storyboard in Resources */,
				A5515C6028C09C0C00F96CA3 /* Assets.xcassets in Resources */,
				A5515C5E28C09C0800F96CA3 /* Main.storyboard in Resources */,
			);
			runOnlyForDeploymentPostprocessing = 0;
		};
		A5515C6728C09C0C00F96CA3 /* Resources */ = {
			isa = PBXResourcesBuildPhase;
			buildActionMask = 2147483647;
			files = (
			);
			runOnlyForDeploymentPostprocessing = 0;
		};
		A5515CB128C5EF9B00F96CA3 /* Resources */ = {
			isa = PBXResourcesBuildPhase;
			buildActionMask = 2147483647;
			files = (
			);
			runOnlyForDeploymentPostprocessing = 0;
		};
/* End PBXResourcesBuildPhase section */

/* Begin PBXSourcesBuildPhase section */
		A5515C4F28C09C0800F96CA3 /* Sources */ = {
			isa = PBXSourcesBuildPhase;
			buildActionMask = 2147483647;
			files = (
				A5515C5B28C09C0800F96CA3 /* ViewController.swift in Sources */,
				A5515C5728C09C0800F96CA3 /* AppDelegate.swift in Sources */,
				A5515CD528C729D900F96CA3 /* FeedImageDataLoaderPresentationAdapter.swift in Sources */,
				A5515C9128C0B64F00F96CA3 /* FeedLoaderWithFallbackComposite.swift in Sources */,
				A5515CA428C2077100F96CA3 /* FeedLoaderCacheDecorator.swift in Sources */,
				A5515CBF28C6F2CA00F96CA3 /* DebuggingSceneDelegate.swift in Sources */,
				A5515CD728C729D900F96CA3 /* FeedLoaderPresentationAdapter.swift in Sources */,
				A5515C5928C09C0800F96CA3 /* SceneDelegate.swift in Sources */,
				A5515CD928C729D900F96CA3 /* MainQueueDispatchDecorator.swift in Sources */,
				A5515C9528C1DDEC00F96CA3 /* FeedImageDataLoaderWithFallbackComposite.swift in Sources */,
				A5515CD628C729D900F96CA3 /* FeedUIComposer.swift in Sources */,
				A5515CD428C729D900F96CA3 /* WeakRefVirtualProxy.swift in Sources */,
				A5515CAE28C4963A00F96CA3 /* FeedImageDataLoaderCacheDecorator.swift in Sources */,
				A5515CD828C729D900F96CA3 /* FeedViewAdapter.swift in Sources */,
			);
			runOnlyForDeploymentPostprocessing = 0;
		};
		A5515C6528C09C0C00F96CA3 /* Sources */ = {
			isa = PBXSourcesBuildPhase;
			buildActionMask = 2147483647;
			files = (
				A5515C9A28C1DF0200F96CA3 /* SharedTestHelpers.swift in Sources */,
				A5515CA628C484EC00F96CA3 /* FeedImageDataLoaderCacheDecoratorTests.swift in Sources */,
				A5515CE628C72A2700F96CA3 /* FeedViewControllerTests+Localization.swift in Sources */,
				A5515CE828C72A2700F96CA3 /* FeedViewControllerTests+LoaderSpy.swift in Sources */,
				A5515CE728C72A2700F96CA3 /* UIImage+TestHelpers.swift in Sources */,
				A5515CA028C1FC1A00F96CA3 /* XCTestCase+FeedLoader.swift in Sources */,
				A5515CE328C72A2700F96CA3 /* UIControl+TestHelpers.swift in Sources */,
				A5515CAA28C487C300F96CA3 /* XCTestCase+FeedImageDataLoader.swift in Sources */,
				A5515CEB28C72A2700F96CA3 /* FeedViewController+TestHelpers.swift in Sources */,
				A5515CE528C72A2700F96CA3 /* FeedViewControllerTests+Assertions.swift in Sources */,
				A5515CC128C7261500F96CA3 /* SceneDelegateTests.swift in Sources */,
				A5515C9C28C1F78D00F96CA3 /* FeedLoaderCacheDecoratorTests.swift in Sources */,
				A5515CEA28C72A2700F96CA3 /* FeedImageCell+TestHelpers.swift in Sources */,
				A5515CA828C486C200F96CA3 /* FeedImageDataLoaderSpy.swift in Sources */,
				A5515C9328C0B6F000F96CA3 /* FeedImageDataLoaderWithFallbackCompositeTests.swift in Sources */,
				A5515CE928C72A2700F96CA3 /* UIRefreshControl+TestHelpers.swift in Sources */,
				A5515C8F28C0B1E200F96CA3 /* FeedLoaderWithFalbackCompositeTests.swift in Sources */,
				A5515C9E28C1FA7E00F96CA3 /* FeedLoaderStub.swift in Sources */,
				A5515C9828C1DE7E00F96CA3 /* XCTestCase+MemoryLeakTracking.swift in Sources */,
				A5515CED28C72A4300F96CA3 /* FeedUIIntegrationTests.swift in Sources */,
				A5515CE428C72A2700F96CA3 /* UIButton+TestHelpers.swift in Sources */,
			);
			runOnlyForDeploymentPostprocessing = 0;
		};
		A5515CAF28C5EF9B00F96CA3 /* Sources */ = {
			isa = PBXSourcesBuildPhase;
			buildActionMask = 2147483647;
			files = (
				A5515CB828C5EF9B00F96CA3 /* EssentialAppUIAcceptanceTestsLaunchTests.swift in Sources */,
				A5515CB628C5EF9B00F96CA3 /* EssentialAppUIAcceptanceTests.swift in Sources */,
			);
			runOnlyForDeploymentPostprocessing = 0;
		};
/* End PBXSourcesBuildPhase section */

/* Begin PBXTargetDependency section */
		A5515C6B28C09C0C00F96CA3 /* PBXTargetDependency */ = {
			isa = PBXTargetDependency;
			target = A5515C5228C09C0800F96CA3 /* EssentialApp */;
			targetProxy = A5515C6A28C09C0C00F96CA3 /* PBXContainerItemProxy */;
		};
		A5515CBA28C5EF9B00F96CA3 /* PBXTargetDependency */ = {
			isa = PBXTargetDependency;
			target = A5515C5228C09C0800F96CA3 /* EssentialApp */;
			targetProxy = A5515CB928C5EF9B00F96CA3 /* PBXContainerItemProxy */;
		};
/* End PBXTargetDependency section */

/* Begin PBXVariantGroup section */
		A5515C5C28C09C0800F96CA3 /* Main.storyboard */ = {
			isa = PBXVariantGroup;
			children = (
				A5515C5D28C09C0800F96CA3 /* Base */,
			);
			name = Main.storyboard;
			sourceTree = "<group>";
		};
		A5515C6128C09C0C00F96CA3 /* LaunchScreen.storyboard */ = {
			isa = PBXVariantGroup;
			children = (
				A5515C6228C09C0C00F96CA3 /* Base */,
			);
			name = LaunchScreen.storyboard;
			sourceTree = "<group>";
		};
/* End PBXVariantGroup section */

/* Begin XCBuildConfiguration section */
		A5515C7B28C09C0C00F96CA3 /* Debug */ = {
			isa = XCBuildConfiguration;
			buildSettings = {
				ALWAYS_SEARCH_USER_PATHS = NO;
				CLANG_ANALYZER_NONNULL = YES;
				CLANG_ANALYZER_NUMBER_OBJECT_CONVERSION = YES_AGGRESSIVE;
				CLANG_CXX_LANGUAGE_STANDARD = "gnu++17";
				CLANG_ENABLE_MODULES = YES;
				CLANG_ENABLE_OBJC_ARC = YES;
				CLANG_ENABLE_OBJC_WEAK = YES;
				CLANG_WARN_BLOCK_CAPTURE_AUTORELEASING = YES;
				CLANG_WARN_BOOL_CONVERSION = YES;
				CLANG_WARN_COMMA = YES;
				CLANG_WARN_CONSTANT_CONVERSION = YES;
				CLANG_WARN_DEPRECATED_OBJC_IMPLEMENTATIONS = YES;
				CLANG_WARN_DIRECT_OBJC_ISA_USAGE = YES_ERROR;
				CLANG_WARN_DOCUMENTATION_COMMENTS = YES;
				CLANG_WARN_EMPTY_BODY = YES;
				CLANG_WARN_ENUM_CONVERSION = YES;
				CLANG_WARN_INFINITE_RECURSION = YES;
				CLANG_WARN_INT_CONVERSION = YES;
				CLANG_WARN_NON_LITERAL_NULL_CONVERSION = YES;
				CLANG_WARN_OBJC_IMPLICIT_RETAIN_SELF = YES;
				CLANG_WARN_OBJC_LITERAL_CONVERSION = YES;
				CLANG_WARN_OBJC_ROOT_CLASS = YES_ERROR;
				CLANG_WARN_QUOTED_INCLUDE_IN_FRAMEWORK_HEADER = YES;
				CLANG_WARN_RANGE_LOOP_ANALYSIS = YES;
				CLANG_WARN_STRICT_PROTOTYPES = YES;
				CLANG_WARN_SUSPICIOUS_MOVE = YES;
				CLANG_WARN_UNGUARDED_AVAILABILITY = YES_AGGRESSIVE;
				CLANG_WARN_UNREACHABLE_CODE = YES;
				CLANG_WARN__DUPLICATE_METHOD_MATCH = YES;
				COPY_PHASE_STRIP = NO;
				DEBUG_INFORMATION_FORMAT = dwarf;
				ENABLE_STRICT_OBJC_MSGSEND = YES;
				ENABLE_TESTABILITY = YES;
				GCC_C_LANGUAGE_STANDARD = gnu11;
				GCC_DYNAMIC_NO_PIC = NO;
				GCC_NO_COMMON_BLOCKS = YES;
				GCC_OPTIMIZATION_LEVEL = 0;
				GCC_PREPROCESSOR_DEFINITIONS = (
					"DEBUG=1",
					"$(inherited)",
				);
				GCC_WARN_64_TO_32_BIT_CONVERSION = YES;
				GCC_WARN_ABOUT_RETURN_TYPE = YES_ERROR;
				GCC_WARN_UNDECLARED_SELECTOR = YES;
				GCC_WARN_UNINITIALIZED_AUTOS = YES_AGGRESSIVE;
				GCC_WARN_UNUSED_FUNCTION = YES;
				GCC_WARN_UNUSED_VARIABLE = YES;
				IPHONEOS_DEPLOYMENT_TARGET = 15.4;
				MTL_ENABLE_DEBUG_INFO = INCLUDE_SOURCE;
				MTL_FAST_MATH = YES;
				ONLY_ACTIVE_ARCH = YES;
				SDKROOT = iphoneos;
				SWIFT_ACTIVE_COMPILATION_CONDITIONS = DEBUG;
				SWIFT_OPTIMIZATION_LEVEL = "-Onone";
			};
			name = Debug;
		};
		A5515C7C28C09C0C00F96CA3 /* Release */ = {
			isa = XCBuildConfiguration;
			buildSettings = {
				ALWAYS_SEARCH_USER_PATHS = NO;
				CLANG_ANALYZER_NONNULL = YES;
				CLANG_ANALYZER_NUMBER_OBJECT_CONVERSION = YES_AGGRESSIVE;
				CLANG_CXX_LANGUAGE_STANDARD = "gnu++17";
				CLANG_ENABLE_MODULES = YES;
				CLANG_ENABLE_OBJC_ARC = YES;
				CLANG_ENABLE_OBJC_WEAK = YES;
				CLANG_WARN_BLOCK_CAPTURE_AUTORELEASING = YES;
				CLANG_WARN_BOOL_CONVERSION = YES;
				CLANG_WARN_COMMA = YES;
				CLANG_WARN_CONSTANT_CONVERSION = YES;
				CLANG_WARN_DEPRECATED_OBJC_IMPLEMENTATIONS = YES;
				CLANG_WARN_DIRECT_OBJC_ISA_USAGE = YES_ERROR;
				CLANG_WARN_DOCUMENTATION_COMMENTS = YES;
				CLANG_WARN_EMPTY_BODY = YES;
				CLANG_WARN_ENUM_CONVERSION = YES;
				CLANG_WARN_INFINITE_RECURSION = YES;
				CLANG_WARN_INT_CONVERSION = YES;
				CLANG_WARN_NON_LITERAL_NULL_CONVERSION = YES;
				CLANG_WARN_OBJC_IMPLICIT_RETAIN_SELF = YES;
				CLANG_WARN_OBJC_LITERAL_CONVERSION = YES;
				CLANG_WARN_OBJC_ROOT_CLASS = YES_ERROR;
				CLANG_WARN_QUOTED_INCLUDE_IN_FRAMEWORK_HEADER = YES;
				CLANG_WARN_RANGE_LOOP_ANALYSIS = YES;
				CLANG_WARN_STRICT_PROTOTYPES = YES;
				CLANG_WARN_SUSPICIOUS_MOVE = YES;
				CLANG_WARN_UNGUARDED_AVAILABILITY = YES_AGGRESSIVE;
				CLANG_WARN_UNREACHABLE_CODE = YES;
				CLANG_WARN__DUPLICATE_METHOD_MATCH = YES;
				COPY_PHASE_STRIP = NO;
				DEBUG_INFORMATION_FORMAT = "dwarf-with-dsym";
				ENABLE_NS_ASSERTIONS = NO;
				ENABLE_STRICT_OBJC_MSGSEND = YES;
				GCC_C_LANGUAGE_STANDARD = gnu11;
				GCC_NO_COMMON_BLOCKS = YES;
				GCC_WARN_64_TO_32_BIT_CONVERSION = YES;
				GCC_WARN_ABOUT_RETURN_TYPE = YES_ERROR;
				GCC_WARN_UNDECLARED_SELECTOR = YES;
				GCC_WARN_UNINITIALIZED_AUTOS = YES_AGGRESSIVE;
				GCC_WARN_UNUSED_FUNCTION = YES;
				GCC_WARN_UNUSED_VARIABLE = YES;
				IPHONEOS_DEPLOYMENT_TARGET = 15.4;
				MTL_ENABLE_DEBUG_INFO = NO;
				MTL_FAST_MATH = YES;
				SDKROOT = iphoneos;
				SWIFT_COMPILATION_MODE = wholemodule;
				SWIFT_OPTIMIZATION_LEVEL = "-O";
				VALIDATE_PRODUCT = YES;
			};
			name = Release;
		};
		A5515C7E28C09C0C00F96CA3 /* Debug */ = {
			isa = XCBuildConfiguration;
			buildSettings = {
				ASSETCATALOG_COMPILER_APPICON_NAME = AppIcon;
				ASSETCATALOG_COMPILER_GLOBAL_ACCENT_COLOR_NAME = AccentColor;
				CODE_SIGN_STYLE = Automatic;
				CURRENT_PROJECT_VERSION = 1;
				DEVELOPMENT_TEAM = S3LYL5L2BR;
				GENERATE_INFOPLIST_FILE = YES;
				INFOPLIST_FILE = EssentialApp/Info.plist;
				INFOPLIST_KEY_UIApplicationSupportsIndirectInputEvents = YES;
				INFOPLIST_KEY_UILaunchStoryboardName = LaunchScreen;
				INFOPLIST_KEY_UIMainStoryboardFile = Main;
				INFOPLIST_KEY_UISupportedInterfaceOrientations = UIInterfaceOrientationPortrait;
				INFOPLIST_KEY_UISupportedInterfaceOrientations_iPad = "UIInterfaceOrientationPortrait UIInterfaceOrientationPortraitUpsideDown UIInterfaceOrientationLandscapeLeft UIInterfaceOrientationLandscapeRight";
				INFOPLIST_KEY_UISupportedInterfaceOrientations_iPhone = "UIInterfaceOrientationPortrait UIInterfaceOrientationLandscapeLeft UIInterfaceOrientationLandscapeRight";
				LD_RUNPATH_SEARCH_PATHS = (
					"$(inherited)",
					"@executable_path/Frameworks",
				);
				MARKETING_VERSION = 1.0;
				PRODUCT_BUNDLE_IDENTIFIER = com.alexchen.EssentialApp;
				PRODUCT_NAME = "$(TARGET_NAME)";
				SWIFT_EMIT_LOC_STRINGS = YES;
				SWIFT_VERSION = 5.0;
				TARGETED_DEVICE_FAMILY = "1,2";
			};
			name = Debug;
		};
		A5515C7F28C09C0C00F96CA3 /* Release */ = {
			isa = XCBuildConfiguration;
			buildSettings = {
				ASSETCATALOG_COMPILER_APPICON_NAME = AppIcon;
				ASSETCATALOG_COMPILER_GLOBAL_ACCENT_COLOR_NAME = AccentColor;
				CODE_SIGN_STYLE = Automatic;
				CURRENT_PROJECT_VERSION = 1;
				DEVELOPMENT_TEAM = S3LYL5L2BR;
				GENERATE_INFOPLIST_FILE = YES;
				INFOPLIST_FILE = EssentialApp/Info.plist;
				INFOPLIST_KEY_UIApplicationSupportsIndirectInputEvents = YES;
				INFOPLIST_KEY_UILaunchStoryboardName = LaunchScreen;
				INFOPLIST_KEY_UIMainStoryboardFile = Main;
				INFOPLIST_KEY_UISupportedInterfaceOrientations = UIInterfaceOrientationPortrait;
				INFOPLIST_KEY_UISupportedInterfaceOrientations_iPad = "UIInterfaceOrientationPortrait UIInterfaceOrientationPortraitUpsideDown UIInterfaceOrientationLandscapeLeft UIInterfaceOrientationLandscapeRight";
				INFOPLIST_KEY_UISupportedInterfaceOrientations_iPhone = "UIInterfaceOrientationPortrait UIInterfaceOrientationLandscapeLeft UIInterfaceOrientationLandscapeRight";
				LD_RUNPATH_SEARCH_PATHS = (
					"$(inherited)",
					"@executable_path/Frameworks",
				);
				MARKETING_VERSION = 1.0;
				PRODUCT_BUNDLE_IDENTIFIER = com.alexchen.EssentialApp;
				PRODUCT_NAME = "$(TARGET_NAME)";
				SWIFT_EMIT_LOC_STRINGS = YES;
				SWIFT_VERSION = 5.0;
				TARGETED_DEVICE_FAMILY = "1,2";
			};
			name = Release;
		};
		A5515C8128C09C0C00F96CA3 /* Debug */ = {
			isa = XCBuildConfiguration;
			buildSettings = {
				ALWAYS_EMBED_SWIFT_STANDARD_LIBRARIES = YES;
				BUNDLE_LOADER = "$(TEST_HOST)";
				CLANG_ENABLE_MODULES = YES;
				CODE_SIGN_STYLE = Automatic;
				CURRENT_PROJECT_VERSION = 1;
				DEVELOPMENT_TEAM = S3LYL5L2BR;
				GENERATE_INFOPLIST_FILE = YES;
				IPHONEOS_DEPLOYMENT_TARGET = 15.4;
				LD_RUNPATH_SEARCH_PATHS = (
					"$(inherited)",
					"@executable_path/Frameworks",
					"@loader_path/Frameworks",
				);
				MARKETING_VERSION = 1.0;
				PRODUCT_BUNDLE_IDENTIFIER = com.alexchen.EssentialAppTests;
				PRODUCT_NAME = "$(TARGET_NAME)";
				SWIFT_EMIT_LOC_STRINGS = NO;
				SWIFT_OPTIMIZATION_LEVEL = "-Onone";
				SWIFT_VERSION = 5.0;
				TARGETED_DEVICE_FAMILY = "1,2";
				TEST_HOST = "$(BUILT_PRODUCTS_DIR)/EssentialApp.app/EssentialApp";
			};
			name = Debug;
		};
		A5515C8228C09C0C00F96CA3 /* Release */ = {
			isa = XCBuildConfiguration;
			buildSettings = {
				ALWAYS_EMBED_SWIFT_STANDARD_LIBRARIES = YES;
				BUNDLE_LOADER = "$(TEST_HOST)";
				CLANG_ENABLE_MODULES = YES;
				CODE_SIGN_STYLE = Automatic;
				CURRENT_PROJECT_VERSION = 1;
				DEVELOPMENT_TEAM = S3LYL5L2BR;
				GENERATE_INFOPLIST_FILE = YES;
				IPHONEOS_DEPLOYMENT_TARGET = 15.4;
				LD_RUNPATH_SEARCH_PATHS = (
					"$(inherited)",
					"@executable_path/Frameworks",
					"@loader_path/Frameworks",
				);
				MARKETING_VERSION = 1.0;
				PRODUCT_BUNDLE_IDENTIFIER = com.alexchen.EssentialAppTests;
				PRODUCT_NAME = "$(TARGET_NAME)";
				SWIFT_EMIT_LOC_STRINGS = NO;
				SWIFT_VERSION = 5.0;
				TARGETED_DEVICE_FAMILY = "1,2";
				TEST_HOST = "$(BUILT_PRODUCTS_DIR)/EssentialApp.app/EssentialApp";
			};
			name = Release;
		};
		A5515CBC28C5EF9B00F96CA3 /* Debug */ = {
			isa = XCBuildConfiguration;
			buildSettings = {
				CODE_SIGN_STYLE = Automatic;
				CURRENT_PROJECT_VERSION = 1;
				DEVELOPMENT_TEAM = S3LYL5L2BR;
				GENERATE_INFOPLIST_FILE = YES;
				MARKETING_VERSION = 1.0;
				PRODUCT_BUNDLE_IDENTIFIER = com.alexchen.EssentialAppUIAcceptanceTests;
				PRODUCT_NAME = "$(TARGET_NAME)";
				SWIFT_EMIT_LOC_STRINGS = NO;
				SWIFT_VERSION = 5.0;
				TARGETED_DEVICE_FAMILY = "1,2";
				TEST_TARGET_NAME = EssentialApp;
			};
			name = Debug;
		};
		A5515CBD28C5EF9B00F96CA3 /* Release */ = {
			isa = XCBuildConfiguration;
			buildSettings = {
				CODE_SIGN_STYLE = Automatic;
				CURRENT_PROJECT_VERSION = 1;
				DEVELOPMENT_TEAM = S3LYL5L2BR;
				GENERATE_INFOPLIST_FILE = YES;
				MARKETING_VERSION = 1.0;
				PRODUCT_BUNDLE_IDENTIFIER = com.alexchen.EssentialAppUIAcceptanceTests;
				PRODUCT_NAME = "$(TARGET_NAME)";
				SWIFT_EMIT_LOC_STRINGS = NO;
				SWIFT_VERSION = 5.0;
				TARGETED_DEVICE_FAMILY = "1,2";
				TEST_TARGET_NAME = EssentialApp;
			};
			name = Release;
		};
/* End XCBuildConfiguration section */

/* Begin XCConfigurationList section */
		A5515C4E28C09C0800F96CA3 /* Build configuration list for PBXProject "EssentialApp" */ = {
			isa = XCConfigurationList;
			buildConfigurations = (
				A5515C7B28C09C0C00F96CA3 /* Debug */,
				A5515C7C28C09C0C00F96CA3 /* Release */,
			);
			defaultConfigurationIsVisible = 0;
			defaultConfigurationName = Release;
		};
		A5515C7D28C09C0C00F96CA3 /* Build configuration list for PBXNativeTarget "EssentialApp" */ = {
			isa = XCConfigurationList;
			buildConfigurations = (
				A5515C7E28C09C0C00F96CA3 /* Debug */,
				A5515C7F28C09C0C00F96CA3 /* Release */,
			);
			defaultConfigurationIsVisible = 0;
			defaultConfigurationName = Release;
		};
		A5515C8028C09C0C00F96CA3 /* Build configuration list for PBXNativeTarget "EssentialAppTests" */ = {
			isa = XCConfigurationList;
			buildConfigurations = (
				A5515C8128C09C0C00F96CA3 /* Debug */,
				A5515C8228C09C0C00F96CA3 /* Release */,
			);
			defaultConfigurationIsVisible = 0;
			defaultConfigurationName = Release;
		};
		A5515CBB28C5EF9B00F96CA3 /* Build configuration list for PBXNativeTarget "EssentialAppUIAcceptanceTests" */ = {
			isa = XCConfigurationList;
			buildConfigurations = (
				A5515CBC28C5EF9B00F96CA3 /* Debug */,
				A5515CBD28C5EF9B00F96CA3 /* Release */,
			);
			defaultConfigurationIsVisible = 0;
			defaultConfigurationName = Release;
		};
/* End XCConfigurationList section */
	};
	rootObject = A5515C4B28C09C0800F96CA3 /* Project object */;
}
